// !$*UTF8*$!
{
	archiveVersion = 1;
	classes = {
	};
	objectVersion = 48;
	objects = {

/* Begin PBXBuildFile section */
		88F2E124202CD2890049E164 /* AppDelegate.swift in Sources */ = {isa = PBXBuildFile; fileRef = 88F2E123202CD2890049E164 /* AppDelegate.swift */; };
		88F2E126202CD2890049E164 /* ViewController.swift in Sources */ = {isa = PBXBuildFile; fileRef = 88F2E125202CD2890049E164 /* ViewController.swift */; };
		88F2E129202CD2890049E164 /* Main.storyboard in Resources */ = {isa = PBXBuildFile; fileRef = 88F2E127202CD2890049E164 /* Main.storyboard */; };
		88F2E12B202CD2890049E164 /* Assets.xcassets in Resources */ = {isa = PBXBuildFile; fileRef = 88F2E12A202CD2890049E164 /* Assets.xcassets */; };
		88F2E12E202CD2890049E164 /* LaunchScreen.storyboard in Resources */ = {isa = PBXBuildFile; fileRef = 88F2E12C202CD2890049E164 /* LaunchScreen.storyboard */; };
		88F2E139202CD2890049E164 /* NativeBrowserTests.swift in Sources */ = {isa = PBXBuildFile; fileRef = 88F2E138202CD2890049E164 /* NativeBrowserTests.swift */; };
		88F2E144202CD2890049E164 /* NativeBrowserUITests.swift in Sources */ = {isa = PBXBuildFile; fileRef = 88F2E143202CD2890049E164 /* NativeBrowserUITests.swift */; };
/* End PBXBuildFile section */

/* Begin PBXContainerItemProxy section */
		88F2E135202CD2890049E164 /* PBXContainerItemProxy */ = {
			isa = PBXContainerItemProxy;
			containerPortal = 88F2E118202CD2890049E164 /* Project object */;
			proxyType = 1;
			remoteGlobalIDString = 88F2E11F202CD2890049E164;
			remoteInfo = NativeBrowser;
		};
		88F2E140202CD2890049E164 /* PBXContainerItemProxy */ = {
			isa = PBXContainerItemProxy;
			containerPortal = 88F2E118202CD2890049E164 /* Project object */;
			proxyType = 1;
			remoteGlobalIDString = 88F2E11F202CD2890049E164;
			remoteInfo = NativeBrowser;
		};
/* End PBXContainerItemProxy section */

/* Begin PBXFileReference section */
		88F2E120202CD2890049E164 /* NativeBrowser.app */ = {isa = PBXFileReference; explicitFileType = wrapper.application; includeInIndex = 0; path = NativeBrowser.app; sourceTree = BUILT_PRODUCTS_DIR; };
		88F2E123202CD2890049E164 /* AppDelegate.swift */ = {isa = PBXFileReference; lastKnownFileType = sourcecode.swift; path = AppDelegate.swift; sourceTree = "<group>"; };
		88F2E125202CD2890049E164 /* ViewController.swift */ = {isa = PBXFileReference; lastKnownFileType = sourcecode.swift; path = ViewController.swift; sourceTree = "<group>"; };
		88F2E128202CD2890049E164 /* Base */ = {isa = PBXFileReference; lastKnownFileType = file.storyboard; name = Base; path = Base.lproj/Main.storyboard; sourceTree = "<group>"; };
		88F2E12A202CD2890049E164 /* Assets.xcassets */ = {isa = PBXFileReference; lastKnownFileType = folder.assetcatalog; path = Assets.xcassets; sourceTree = "<group>"; };
		88F2E12D202CD2890049E164 /* Base */ = {isa = PBXFileReference; lastKnownFileType = file.storyboard; name = Base; path = Base.lproj/LaunchScreen.storyboard; sourceTree = "<group>"; };
		88F2E12F202CD2890049E164 /* Info.plist */ = {isa = PBXFileReference; lastKnownFileType = text.plist.xml; path = Info.plist; sourceTree = "<group>"; };
		88F2E134202CD2890049E164 /* NativeBrowserTests.xctest */ = {isa = PBXFileReference; explicitFileType = wrapper.cfbundle; includeInIndex = 0; path = NativeBrowserTests.xctest; sourceTree = BUILT_PRODUCTS_DIR; };
		88F2E138202CD2890049E164 /* NativeBrowserTests.swift */ = {isa = PBXFileReference; lastKnownFileType = sourcecode.swift; path = NativeBrowserTests.swift; sourceTree = "<group>"; };
		88F2E13A202CD2890049E164 /* Info.plist */ = {isa = PBXFileReference; lastKnownFileType = text.plist.xml; path = Info.plist; sourceTree = "<group>"; };
		88F2E13F202CD2890049E164 /* NativeBrowserUITests.xctest */ = {isa = PBXFileReference; explicitFileType = wrapper.cfbundle; includeInIndex = 0; path = NativeBrowserUITests.xctest; sourceTree = BUILT_PRODUCTS_DIR; };
		88F2E143202CD2890049E164 /* NativeBrowserUITests.swift */ = {isa = PBXFileReference; lastKnownFileType = sourcecode.swift; path = NativeBrowserUITests.swift; sourceTree = "<group>"; };
		88F2E145202CD2890049E164 /* Info.plist */ = {isa = PBXFileReference; lastKnownFileType = text.plist.xml; path = Info.plist; sourceTree = "<group>"; };
/* End PBXFileReference section */

/* Begin PBXFrameworksBuildPhase section */
		88F2E11D202CD2890049E164 /* Frameworks */ = {
			isa = PBXFrameworksBuildPhase;
			buildActionMask = 2147483647;
			files = (
			);
			runOnlyForDeploymentPostprocessing = 0;
		};
		88F2E131202CD2890049E164 /* Frameworks */ = {
			isa = PBXFrameworksBuildPhase;
			buildActionMask = 2147483647;
			files = (
			);
			runOnlyForDeploymentPostprocessing = 0;
		};
		88F2E13C202CD2890049E164 /* Frameworks */ = {
			isa = PBXFrameworksBuildPhase;
			buildActionMask = 2147483647;
			files = (
			);
			runOnlyForDeploymentPostprocessing = 0;
		};
/* End PBXFrameworksBuildPhase section */

/* Begin PBXGroup section */
		88F2E117202CD2890049E164 = {
			isa = PBXGroup;
			children = (
				88F2E122202CD2890049E164 /* NativeBrowser */,
				88F2E137202CD2890049E164 /* NativeBrowserTests */,
				88F2E142202CD2890049E164 /* NativeBrowserUITests */,
				88F2E121202CD2890049E164 /* Products */,
			);
			sourceTree = "<group>";
		};
		88F2E121202CD2890049E164 /* Products */ = {
			isa = PBXGroup;
			children = (
				88F2E120202CD2890049E164 /* NativeBrowser.app */,
				88F2E134202CD2890049E164 /* NativeBrowserTests.xctest */,
				88F2E13F202CD2890049E164 /* NativeBrowserUITests.xctest */,
			);
			name = Products;
			sourceTree = "<group>";
		};
		88F2E122202CD2890049E164 /* NativeBrowser */ = {
			isa = PBXGroup;
			children = (
				88F2E123202CD2890049E164 /* AppDelegate.swift */,
				88F2E125202CD2890049E164 /* ViewController.swift */,
				88F2E127202CD2890049E164 /* Main.storyboard */,
				88F2E12A202CD2890049E164 /* Assets.xcassets */,
				88F2E12C202CD2890049E164 /* LaunchScreen.storyboard */,
				88F2E12F202CD2890049E164 /* Info.plist */,
			);
			path = NativeBrowser;
			sourceTree = "<group>";
		};
		88F2E137202CD2890049E164 /* NativeBrowserTests */ = {
			isa = PBXGroup;
			children = (
				88F2E138202CD2890049E164 /* NativeBrowserTests.swift */,
				88F2E13A202CD2890049E164 /* Info.plist */,
			);
			path = NativeBrowserTests;
			sourceTree = "<group>";
		};
		88F2E142202CD2890049E164 /* NativeBrowserUITests */ = {
			isa = PBXGroup;
			children = (
				88F2E143202CD2890049E164 /* NativeBrowserUITests.swift */,
				88F2E145202CD2890049E164 /* Info.plist */,
			);
			path = NativeBrowserUITests;
			sourceTree = "<group>";
		};
/* End PBXGroup section */

/* Begin PBXNativeTarget section */
		88F2E11F202CD2890049E164 /* NativeBrowser */ = {
			isa = PBXNativeTarget;
			buildConfigurationList = 88F2E148202CD2890049E164 /* Build configuration list for PBXNativeTarget "NativeBrowser" */;
			buildPhases = (
				88F2E11C202CD2890049E164 /* Sources */,
				88F2E11D202CD2890049E164 /* Frameworks */,
				88F2E11E202CD2890049E164 /* Resources */,
			);
			buildRules = (
			);
			dependencies = (
			);
			name = NativeBrowser;
			productName = NativeBrowser;
			productReference = 88F2E120202CD2890049E164 /* NativeBrowser.app */;
			productType = "com.apple.product-type.application";
		};
		88F2E133202CD2890049E164 /* NativeBrowserTests */ = {
			isa = PBXNativeTarget;
			buildConfigurationList = 88F2E14B202CD2890049E164 /* Build configuration list for PBXNativeTarget "NativeBrowserTests" */;
			buildPhases = (
				88F2E130202CD2890049E164 /* Sources */,
				88F2E131202CD2890049E164 /* Frameworks */,
				88F2E132202CD2890049E164 /* Resources */,
			);
			buildRules = (
			);
			dependencies = (
				88F2E136202CD2890049E164 /* PBXTargetDependency */,
			);
			name = NativeBrowserTests;
			productName = NativeBrowserTests;
			productReference = 88F2E134202CD2890049E164 /* NativeBrowserTests.xctest */;
			productType = "com.apple.product-type.bundle.unit-test";
		};
		88F2E13E202CD2890049E164 /* NativeBrowserUITests */ = {
			isa = PBXNativeTarget;
			buildConfigurationList = 88F2E14E202CD2890049E164 /* Build configuration list for PBXNativeTarget "NativeBrowserUITests" */;
			buildPhases = (
				88F2E13B202CD2890049E164 /* Sources */,
				88F2E13C202CD2890049E164 /* Frameworks */,
				88F2E13D202CD2890049E164 /* Resources */,
			);
			buildRules = (
			);
			dependencies = (
				88F2E141202CD2890049E164 /* PBXTargetDependency */,
			);
			name = NativeBrowserUITests;
			productName = NativeBrowserUITests;
			productReference = 88F2E13F202CD2890049E164 /* NativeBrowserUITests.xctest */;
			productType = "com.apple.product-type.bundle.ui-testing";
		};
/* End PBXNativeTarget section */

/* Begin PBXProject section */
		88F2E118202CD2890049E164 /* Project object */ = {
			isa = PBXProject;
			attributes = {
				LastSwiftUpdateCheck = 0920;
				LastUpgradeCheck = 0920;
				ORGANIZATIONNAME = "Tatsuo Ikeda";
				TargetAttributes = {
					88F2E11F202CD2890049E164 = {
						CreatedOnToolsVersion = 9.2;
						ProvisioningStyle = Automatic;
					};
					88F2E133202CD2890049E164 = {
						CreatedOnToolsVersion = 9.2;
						ProvisioningStyle = Automatic;
						TestTargetID = 88F2E11F202CD2890049E164;
					};
					88F2E13E202CD2890049E164 = {
						CreatedOnToolsVersion = 9.2;
						ProvisioningStyle = Automatic;
						TestTargetID = 88F2E11F202CD2890049E164;
					};
				};
			};
			buildConfigurationList = 88F2E11B202CD2890049E164 /* Build configuration list for PBXProject "NativeBrowser" */;
			compatibilityVersion = "Xcode 8.0";
			developmentRegion = en;
			hasScannedForEncodings = 0;
			knownRegions = (
				en,
				Base,
			);
			mainGroup = 88F2E117202CD2890049E164;
			productRefGroup = 88F2E121202CD2890049E164 /* Products */;
			projectDirPath = "";
			projectRoot = "";
			targets = (
				88F2E11F202CD2890049E164 /* NativeBrowser */,
				88F2E133202CD2890049E164 /* NativeBrowserTests */,
				88F2E13E202CD2890049E164 /* NativeBrowserUITests */,
			);
		};
/* End PBXProject section */

/* Begin PBXResourcesBuildPhase section */
		88F2E11E202CD2890049E164 /* Resources */ = {
			isa = PBXResourcesBuildPhase;
			buildActionMask = 2147483647;
			files = (
				88F2E12E202CD2890049E164 /* LaunchScreen.storyboard in Resources */,
				88F2E12B202CD2890049E164 /* Assets.xcassets in Resources */,
				88F2E129202CD2890049E164 /* Main.storyboard in Resources */,
			);
			runOnlyForDeploymentPostprocessing = 0;
		};
		88F2E132202CD2890049E164 /* Resources */ = {
			isa = PBXResourcesBuildPhase;
			buildActionMask = 2147483647;
			files = (
			);
			runOnlyForDeploymentPostprocessing = 0;
		};
		88F2E13D202CD2890049E164 /* Resources */ = {
			isa = PBXResourcesBuildPhase;
			buildActionMask = 2147483647;
			files = (
			);
			runOnlyForDeploymentPostprocessing = 0;
		};
/* End PBXResourcesBuildPhase section */

/* Begin PBXSourcesBuildPhase section */
		88F2E11C202CD2890049E164 /* Sources */ = {
			isa = PBXSourcesBuildPhase;
			buildActionMask = 2147483647;
			files = (
				88F2E126202CD2890049E164 /* ViewController.swift in Sources */,
				88F2E124202CD2890049E164 /* AppDelegate.swift in Sources */,
			);
			runOnlyForDeploymentPostprocessing = 0;
		};
		88F2E130202CD2890049E164 /* Sources */ = {
			isa = PBXSourcesBuildPhase;
			buildActionMask = 2147483647;
			files = (
				88F2E139202CD2890049E164 /* NativeBrowserTests.swift in Sources */,
			);
			runOnlyForDeploymentPostprocessing = 0;
		};
		88F2E13B202CD2890049E164 /* Sources */ = {
			isa = PBXSourcesBuildPhase;
			buildActionMask = 2147483647;
			files = (
				88F2E144202CD2890049E164 /* NativeBrowserUITests.swift in Sources */,
			);
			runOnlyForDeploymentPostprocessing = 0;
		};
/* End PBXSourcesBuildPhase section */

/* Begin PBXTargetDependency section */
		88F2E136202CD2890049E164 /* PBXTargetDependency */ = {
			isa = PBXTargetDependency;
			target = 88F2E11F202CD2890049E164 /* NativeBrowser */;
			targetProxy = 88F2E135202CD2890049E164 /* PBXContainerItemProxy */;
		};
		88F2E141202CD2890049E164 /* PBXTargetDependency */ = {
			isa = PBXTargetDependency;
			target = 88F2E11F202CD2890049E164 /* NativeBrowser */;
			targetProxy = 88F2E140202CD2890049E164 /* PBXContainerItemProxy */;
		};
/* End PBXTargetDependency section */

/* Begin PBXVariantGroup section */
		88F2E127202CD2890049E164 /* Main.storyboard */ = {
			isa = PBXVariantGroup;
			children = (
				88F2E128202CD2890049E164 /* Base */,
			);
			name = Main.storyboard;
			sourceTree = "<group>";
		};
		88F2E12C202CD2890049E164 /* LaunchScreen.storyboard */ = {
			isa = PBXVariantGroup;
			children = (
				88F2E12D202CD2890049E164 /* Base */,
			);
			name = LaunchScreen.storyboard;
			sourceTree = "<group>";
		};
/* End PBXVariantGroup section */

/* Begin XCBuildConfiguration section */
		88F2E146202CD2890049E164 /* Debug */ = {
			isa = XCBuildConfiguration;
			buildSettings = {
				ALWAYS_SEARCH_USER_PATHS = NO;
				CLANG_ANALYZER_NONNULL = YES;
				CLANG_ANALYZER_NUMBER_OBJECT_CONVERSION = YES_AGGRESSIVE;
				CLANG_CXX_LANGUAGE_STANDARD = "gnu++14";
				CLANG_CXX_LIBRARY = "libc++";
				CLANG_ENABLE_MODULES = YES;
				CLANG_ENABLE_OBJC_ARC = YES;
				CLANG_WARN_BLOCK_CAPTURE_AUTORELEASING = YES;
				CLANG_WARN_BOOL_CONVERSION = YES;
				CLANG_WARN_COMMA = YES;
				CLANG_WARN_CONSTANT_CONVERSION = YES;
				CLANG_WARN_DIRECT_OBJC_ISA_USAGE = YES_ERROR;
				CLANG_WARN_DOCUMENTATION_COMMENTS = YES;
				CLANG_WARN_EMPTY_BODY = YES;
				CLANG_WARN_ENUM_CONVERSION = YES;
				CLANG_WARN_INFINITE_RECURSION = YES;
				CLANG_WARN_INT_CONVERSION = YES;
				CLANG_WARN_NON_LITERAL_NULL_CONVERSION = YES;
				CLANG_WARN_OBJC_LITERAL_CONVERSION = YES;
				CLANG_WARN_OBJC_ROOT_CLASS = YES_ERROR;
				CLANG_WARN_RANGE_LOOP_ANALYSIS = YES;
				CLANG_WARN_STRICT_PROTOTYPES = YES;
				CLANG_WARN_SUSPICIOUS_MOVE = YES;
				CLANG_WARN_UNGUARDED_AVAILABILITY = YES_AGGRESSIVE;
				CLANG_WARN_UNREACHABLE_CODE = YES;
				CLANG_WARN__DUPLICATE_METHOD_MATCH = YES;
				CODE_SIGN_IDENTITY = "iPhone Developer";
				COPY_PHASE_STRIP = NO;
				DEBUG_INFORMATION_FORMAT = dwarf;
				ENABLE_STRICT_OBJC_MSGSEND = YES;
				ENABLE_TESTABILITY = YES;
				GCC_C_LANGUAGE_STANDARD = gnu11;
				GCC_DYNAMIC_NO_PIC = NO;
				GCC_NO_COMMON_BLOCKS = YES;
				GCC_OPTIMIZATION_LEVEL = 0;
				GCC_PREPROCESSOR_DEFINITIONS = (
					"DEBUG=1",
					"$(inherited)",
				);
				GCC_WARN_64_TO_32_BIT_CONVERSION = YES;
				GCC_WARN_ABOUT_RETURN_TYPE = YES_ERROR;
				GCC_WARN_UNDECLARED_SELECTOR = YES;
				GCC_WARN_UNINITIALIZED_AUTOS = YES_AGGRESSIVE;
				GCC_WARN_UNUSED_FUNCTION = YES;
				GCC_WARN_UNUSED_VARIABLE = YES;
				IPHONEOS_DEPLOYMENT_TARGET = 11.2;
				MTL_ENABLE_DEBUG_INFO = YES;
				ONLY_ACTIVE_ARCH = YES;
				SDKROOT = iphoneos;
				SWIFT_ACTIVE_COMPILATION_CONDITIONS = DEBUG;
				SWIFT_OPTIMIZATION_LEVEL = "-Onone";
			};
			name = Debug;
		};
		88F2E147202CD2890049E164 /* Release */ = {
			isa = XCBuildConfiguration;
			buildSettings = {
				ALWAYS_SEARCH_USER_PATHS = NO;
				CLANG_ANALYZER_NONNULL = YES;
				CLANG_ANALYZER_NUMBER_OBJECT_CONVERSION = YES_AGGRESSIVE;
				CLANG_CXX_LANGUAGE_STANDARD = "gnu++14";
				CLANG_CXX_LIBRARY = "libc++";
				CLANG_ENABLE_MODULES = YES;
				CLANG_ENABLE_OBJC_ARC = YES;
				CLANG_WARN_BLOCK_CAPTURE_AUTORELEASING = YES;
				CLANG_WARN_BOOL_CONVERSION = YES;
				CLANG_WARN_COMMA = YES;
				CLANG_WARN_CONSTANT_CONVERSION = YES;
				CLANG_WARN_DIRECT_OBJC_ISA_USAGE = YES_ERROR;
				CLANG_WARN_DOCUMENTATION_COMMENTS = YES;
				CLANG_WARN_EMPTY_BODY = YES;
				CLANG_WARN_ENUM_CONVERSION = YES;
				CLANG_WARN_INFINITE_RECURSION = YES;
				CLANG_WARN_INT_CONVERSION = YES;
				CLANG_WARN_NON_LITERAL_NULL_CONVERSION = YES;
				CLANG_WARN_OBJC_LITERAL_CONVERSION = YES;
				CLANG_WARN_OBJC_ROOT_CLASS = YES_ERROR;
				CLANG_WARN_RANGE_LOOP_ANALYSIS = YES;
				CLANG_WARN_STRICT_PROTOTYPES = YES;
				CLANG_WARN_SUSPICIOUS_MOVE = YES;
				CLANG_WARN_UNGUARDED_AVAILABILITY = YES_AGGRESSIVE;
				CLANG_WARN_UNREACHABLE_CODE = YES;
				CLANG_WARN__DUPLICATE_METHOD_MATCH = YES;
				CODE_SIGN_IDENTITY = "iPhone Developer";
				COPY_PHASE_STRIP = NO;
				DEBUG_INFORMATION_FORMAT = "dwarf-with-dsym";
				ENABLE_NS_ASSERTIONS = NO;
				ENABLE_STRICT_OBJC_MSGSEND = YES;
				GCC_C_LANGUAGE_STANDARD = gnu11;
				GCC_NO_COMMON_BLOCKS = YES;
				GCC_WARN_64_TO_32_BIT_CONVERSION = YES;
				GCC_WARN_ABOUT_RETURN_TYPE = YES_ERROR;
				GCC_WARN_UNDECLARED_SELECTOR = YES;
				GCC_WARN_UNINITIALIZED_AUTOS = YES_AGGRESSIVE;
				GCC_WARN_UNUSED_FUNCTION = YES;
				GCC_WARN_UNUSED_VARIABLE = YES;
				IPHONEOS_DEPLOYMENT_TARGET = 11.2;
				MTL_ENABLE_DEBUG_INFO = NO;
				SDKROOT = iphoneos;
				SWIFT_OPTIMIZATION_LEVEL = "-Owholemodule";
				VALIDATE_PRODUCT = YES;
			};
			name = Release;
		};
		88F2E149202CD2890049E164 /* Debug */ = {
			isa = XCBuildConfiguration;
			buildSettings = {
				ASSETCATALOG_COMPILER_APPICON_NAME = AppIcon;
				CODE_SIGN_STYLE = Automatic;
				INFOPLIST_FILE = NativeBrowser/Info.plist;
				LD_RUNPATH_SEARCH_PATHS = "$(inherited) @executable_path/Frameworks";
				PRODUCT_BUNDLE_IDENTIFIER = it.ikeikeikeike.NativeBrowser;
				PRODUCT_NAME = "$(TARGET_NAME)";
				SWIFT_VERSION = 4.0;
				TARGETED_DEVICE_FAMILY = "1,2";
			};
			name = Debug;
		};
		88F2E14A202CD2890049E164 /* Release */ = {
			isa = XCBuildConfiguration;
			buildSettings = {
				ASSETCATALOG_COMPILER_APPICON_NAME = AppIcon;
				CODE_SIGN_STYLE = Automatic;
				INFOPLIST_FILE = NativeBrowser/Info.plist;
				LD_RUNPATH_SEARCH_PATHS = "$(inherited) @executable_path/Frameworks";
				PRODUCT_BUNDLE_IDENTIFIER = it.ikeikeikeike.NativeBrowser;
				PRODUCT_NAME = "$(TARGET_NAME)";
				SWIFT_VERSION = 4.0;
				TARGETED_DEVICE_FAMILY = "1,2";
			};
			name = Release;
		};
		88F2E14C202CD2890049E164 /* Debug */ = {
			isa = XCBuildConfiguration;
			buildSettings = {
				ALWAYS_EMBED_SWIFT_STANDARD_LIBRARIES = YES;
				BUNDLE_LOADER = "$(TEST_HOST)";
				CODE_SIGN_STYLE = Automatic;
				INFOPLIST_FILE = NativeBrowserTests/Info.plist;
				LD_RUNPATH_SEARCH_PATHS = "$(inherited) @executable_path/Frameworks @loader_path/Frameworks";
				PRODUCT_BUNDLE_IDENTIFIER = it.ikeikeikeike.NativeBrowserTests;
				PRODUCT_NAME = "$(TARGET_NAME)";
				SWIFT_VERSION = 4.0;
				TARGETED_DEVICE_FAMILY = "1,2";
				TEST_HOST = "$(BUILT_PRODUCTS_DIR)/NativeBrowser.app/NativeBrowser";
			};
			name = Debug;
		};
		88F2E14D202CD2890049E164 /* Release */ = {
			isa = XCBuildConfiguration;
			buildSettings = {
				ALWAYS_EMBED_SWIFT_STANDARD_LIBRARIES = YES;
				BUNDLE_LOADER = "$(TEST_HOST)";
				CODE_SIGN_STYLE = Automatic;
				INFOPLIST_FILE = NativeBrowserTests/Info.plist;
				LD_RUNPATH_SEARCH_PATHS = "$(inherited) @executable_path/Frameworks @loader_path/Frameworks";
				PRODUCT_BUNDLE_IDENTIFIER = it.ikeikeikeike.NativeBrowserTests;
				PRODUCT_NAME = "$(TARGET_NAME)";
				SWIFT_VERSION = 4.0;
				TARGETED_DEVICE_FAMILY = "1,2";
				TEST_HOST = "$(BUILT_PRODUCTS_DIR)/NativeBrowser.app/NativeBrowser";
			};
			name = Release;
		};
		88F2E14F202CD2890049E164 /* Debug */ = {
			isa = XCBuildConfiguration;
			buildSettings = {
				ALWAYS_EMBED_SWIFT_STANDARD_LIBRARIES = YES;
				CODE_SIGN_STYLE = Automatic;
				INFOPLIST_FILE = NativeBrowserUITests/Info.plist;
				LD_RUNPATH_SEARCH_PATHS = "$(inherited) @executable_path/Frameworks @loader_path/Frameworks";
				PRODUCT_BUNDLE_IDENTIFIER = it.ikeikeikeike.NativeBrowserUITests;
				PRODUCT_NAME = "$(TARGET_NAME)";
				SWIFT_VERSION = 4.0;
				TARGETED_DEVICE_FAMILY = "1,2";
				TEST_TARGET_NAME = NativeBrowser;
			};
			name = Debug;
		};
		88F2E150202CD2890049E164 /* Release */ = {
			isa = XCBuildConfiguration;
			buildSettings = {
				ALWAYS_EMBED_SWIFT_STANDARD_LIBRARIES = YES;
				CODE_SIGN_STYLE = Automatic;
				INFOPLIST_FILE = NativeBrowserUITests/Info.plist;
				LD_RUNPATH_SEARCH_PATHS = "$(inherited) @executable_path/Frameworks @loader_path/Frameworks";
				PRODUCT_BUNDLE_IDENTIFIER = it.ikeikeikeike.NativeBrowserUITests;
				PRODUCT_NAME = "$(TARGET_NAME)";
				SWIFT_VERSION = 4.0;
				TARGETED_DEVICE_FAMILY = "1,2";
				TEST_TARGET_NAME = NativeBrowser;
			};
			name = Release;
		};
/* End XCBuildConfiguration section */

/* Begin XCConfigurationList section */
		88F2E11B202CD2890049E164 /* Build configuration list for PBXProject "NativeBrowser" */ = {
			isa = XCConfigurationList;
			buildConfigurations = (
				88F2E146202CD2890049E164 /* Debug */,
				88F2E147202CD2890049E164 /* Release */,
			);
			defaultConfigurationIsVisible = 0;
			defaultConfigurationName = Release;
		};
		88F2E148202CD2890049E164 /* Build configuration list for PBXNativeTarget "NativeBrowser" */ = {
			isa = XCConfigurationList;
			buildConfigurations = (
				88F2E149202CD2890049E164 /* Debug */,
				88F2E14A202CD2890049E164 /* Release */,
			);
			defaultConfigurationIsVisible = 0;
			defaultConfigurationName = Release;
		};
		88F2E14B202CD2890049E164 /* Build configuration list for PBXNativeTarget "NativeBrowserTests" */ = {
			isa = XCConfigurationList;
			buildConfigurations = (
				88F2E14C202CD2890049E164 /* Debug */,
				88F2E14D202CD2890049E164 /* Release */,
			);
			defaultConfigurationIsVisible = 0;
			defaultConfigurationName = Release;
		};
		88F2E14E202CD2890049E164 /* Build configuration list for PBXNativeTarget "NativeBrowserUITests" */ = {
			isa = XCConfigurationList;
			buildConfigurations = (
				88F2E14F202CD2890049E164 /* Debug */,
				88F2E150202CD2890049E164 /* Release */,
			);
			defaultConfigurationIsVisible = 0;
			defaultConfigurationName = Release;
		};
/* End XCConfigurationList section */
	};
	rootObject = 88F2E118202CD2890049E164 /* Project object */;
}
