// !$*UTF8*$!
{
	archiveVersion = 1;
	classes = {
	};
	objectVersion = 48;
	objects = {

/* Begin PBXBuildFile section */
		88709D31202C9C8F0010B9D3 /* AppDelegate.swift in Sources */ = {isa = PBXBuildFile; fileRef = 88709D30202C9C8F0010B9D3 /* AppDelegate.swift */; };
		88709D33202C9C8F0010B9D3 /* ViewController.swift in Sources */ = {isa = PBXBuildFile; fileRef = 88709D32202C9C8F0010B9D3 /* ViewController.swift */; };
		88709D36202C9C8F0010B9D3 /* Main.storyboard in Resources */ = {isa = PBXBuildFile; fileRef = 88709D34202C9C8F0010B9D3 /* Main.storyboard */; };
		88709D38202C9C8F0010B9D3 /* Assets.xcassets in Resources */ = {isa = PBXBuildFile; fileRef = 88709D37202C9C8F0010B9D3 /* Assets.xcassets */; };
		88709D3B202C9C8F0010B9D3 /* LaunchScreen.storyboard in Resources */ = {isa = PBXBuildFile; fileRef = 88709D39202C9C8F0010B9D3 /* LaunchScreen.storyboard */; };
		88709D46202C9C8F0010B9D3 /* LotteryTests.swift in Sources */ = {isa = PBXBuildFile; fileRef = 88709D45202C9C8F0010B9D3 /* LotteryTests.swift */; };
		88709D51202C9C8F0010B9D3 /* LotteryUITests.swift in Sources */ = {isa = PBXBuildFile; fileRef = 88709D50202C9C8F0010B9D3 /* LotteryUITests.swift */; };
/* End PBXBuildFile section */

/* Begin PBXContainerItemProxy section */
		88709D42202C9C8F0010B9D3 /* PBXContainerItemProxy */ = {
			isa = PBXContainerItemProxy;
			containerPortal = 88709D25202C9C8F0010B9D3 /* Project object */;
			proxyType = 1;
			remoteGlobalIDString = 88709D2C202C9C8F0010B9D3;
			remoteInfo = Lottery;
		};
		88709D4D202C9C8F0010B9D3 /* PBXContainerItemProxy */ = {
			isa = PBXContainerItemProxy;
			containerPortal = 88709D25202C9C8F0010B9D3 /* Project object */;
			proxyType = 1;
			remoteGlobalIDString = 88709D2C202C9C8F0010B9D3;
			remoteInfo = Lottery;
		};
/* End PBXContainerItemProxy section */

/* Begin PBXFileReference section */
		88709D2D202C9C8F0010B9D3 /* Lottery.app */ = {isa = PBXFileReference; explicitFileType = wrapper.application; includeInIndex = 0; path = Lottery.app; sourceTree = BUILT_PRODUCTS_DIR; };
		88709D30202C9C8F0010B9D3 /* AppDelegate.swift */ = {isa = PBXFileReference; lastKnownFileType = sourcecode.swift; path = AppDelegate.swift; sourceTree = "<group>"; };
		88709D32202C9C8F0010B9D3 /* ViewController.swift */ = {isa = PBXFileReference; lastKnownFileType = sourcecode.swift; path = ViewController.swift; sourceTree = "<group>"; };
		88709D35202C9C8F0010B9D3 /* Base */ = {isa = PBXFileReference; lastKnownFileType = file.storyboard; name = Base; path = Base.lproj/Main.storyboard; sourceTree = "<group>"; };
		88709D37202C9C8F0010B9D3 /* Assets.xcassets */ = {isa = PBXFileReference; lastKnownFileType = folder.assetcatalog; path = Assets.xcassets; sourceTree = "<group>"; };
		88709D3A202C9C8F0010B9D3 /* Base */ = {isa = PBXFileReference; lastKnownFileType = file.storyboard; name = Base; path = Base.lproj/LaunchScreen.storyboard; sourceTree = "<group>"; };
		88709D3C202C9C8F0010B9D3 /* Info.plist */ = {isa = PBXFileReference; lastKnownFileType = text.plist.xml; path = Info.plist; sourceTree = "<group>"; };
		88709D41202C9C8F0010B9D3 /* LotteryTests.xctest */ = {isa = PBXFileReference; explicitFileType = wrapper.cfbundle; includeInIndex = 0; path = LotteryTests.xctest; sourceTree = BUILT_PRODUCTS_DIR; };
		88709D45202C9C8F0010B9D3 /* LotteryTests.swift */ = {isa = PBXFileReference; lastKnownFileType = sourcecode.swift; path = LotteryTests.swift; sourceTree = "<group>"; };
		88709D47202C9C8F0010B9D3 /* Info.plist */ = {isa = PBXFileReference; lastKnownFileType = text.plist.xml; path = Info.plist; sourceTree = "<group>"; };
		88709D4C202C9C8F0010B9D3 /* LotteryUITests.xctest */ = {isa = PBXFileReference; explicitFileType = wrapper.cfbundle; includeInIndex = 0; path = LotteryUITests.xctest; sourceTree = BUILT_PRODUCTS_DIR; };
		88709D50202C9C8F0010B9D3 /* LotteryUITests.swift */ = {isa = PBXFileReference; lastKnownFileType = sourcecode.swift; path = LotteryUITests.swift; sourceTree = "<group>"; };
		88709D52202C9C8F0010B9D3 /* Info.plist */ = {isa = PBXFileReference; lastKnownFileType = text.plist.xml; path = Info.plist; sourceTree = "<group>"; };
/* End PBXFileReference section */

/* Begin PBXFrameworksBuildPhase section */
		88709D2A202C9C8F0010B9D3 /* Frameworks */ = {
			isa = PBXFrameworksBuildPhase;
			buildActionMask = 2147483647;
			files = (
			);
			runOnlyForDeploymentPostprocessing = 0;
		};
		88709D3E202C9C8F0010B9D3 /* Frameworks */ = {
			isa = PBXFrameworksBuildPhase;
			buildActionMask = 2147483647;
			files = (
			);
			runOnlyForDeploymentPostprocessing = 0;
		};
		88709D49202C9C8F0010B9D3 /* Frameworks */ = {
			isa = PBXFrameworksBuildPhase;
			buildActionMask = 2147483647;
			files = (
			);
			runOnlyForDeploymentPostprocessing = 0;
		};
/* End PBXFrameworksBuildPhase section */

/* Begin PBXGroup section */
		88709D24202C9C8F0010B9D3 = {
			isa = PBXGroup;
			children = (
				88709D2F202C9C8F0010B9D3 /* Lottery */,
				88709D44202C9C8F0010B9D3 /* LotteryTests */,
				88709D4F202C9C8F0010B9D3 /* LotteryUITests */,
				88709D2E202C9C8F0010B9D3 /* Products */,
			);
			sourceTree = "<group>";
		};
		88709D2E202C9C8F0010B9D3 /* Products */ = {
			isa = PBXGroup;
			children = (
				88709D2D202C9C8F0010B9D3 /* Lottery.app */,
				88709D41202C9C8F0010B9D3 /* LotteryTests.xctest */,
				88709D4C202C9C8F0010B9D3 /* LotteryUITests.xctest */,
			);
			name = Products;
			sourceTree = "<group>";
		};
		88709D2F202C9C8F0010B9D3 /* Lottery */ = {
			isa = PBXGroup;
			children = (
				88709D30202C9C8F0010B9D3 /* AppDelegate.swift */,
				88709D32202C9C8F0010B9D3 /* ViewController.swift */,
				88709D34202C9C8F0010B9D3 /* Main.storyboard */,
				88709D37202C9C8F0010B9D3 /* Assets.xcassets */,
				88709D39202C9C8F0010B9D3 /* LaunchScreen.storyboard */,
				88709D3C202C9C8F0010B9D3 /* Info.plist */,
			);
			path = Lottery;
			sourceTree = "<group>";
		};
		88709D44202C9C8F0010B9D3 /* LotteryTests */ = {
			isa = PBXGroup;
			children = (
				88709D45202C9C8F0010B9D3 /* LotteryTests.swift */,
				88709D47202C9C8F0010B9D3 /* Info.plist */,
			);
			path = LotteryTests;
			sourceTree = "<group>";
		};
		88709D4F202C9C8F0010B9D3 /* LotteryUITests */ = {
			isa = PBXGroup;
			children = (
				88709D50202C9C8F0010B9D3 /* LotteryUITests.swift */,
				88709D52202C9C8F0010B9D3 /* Info.plist */,
			);
			path = LotteryUITests;
			sourceTree = "<group>";
		};
/* End PBXGroup section */

/* Begin PBXNativeTarget section */
		88709D2C202C9C8F0010B9D3 /* Lottery */ = {
			isa = PBXNativeTarget;
			buildConfigurationList = 88709D55202C9C8F0010B9D3 /* Build configuration list for PBXNativeTarget "Lottery" */;
			buildPhases = (
				88709D29202C9C8F0010B9D3 /* Sources */,
				88709D2A202C9C8F0010B9D3 /* Frameworks */,
				88709D2B202C9C8F0010B9D3 /* Resources */,
			);
			buildRules = (
			);
			dependencies = (
			);
			name = Lottery;
			productName = Lottery;
			productReference = 88709D2D202C9C8F0010B9D3 /* Lottery.app */;
			productType = "com.apple.product-type.application";
		};
		88709D40202C9C8F0010B9D3 /* LotteryTests */ = {
			isa = PBXNativeTarget;
			buildConfigurationList = 88709D58202C9C8F0010B9D3 /* Build configuration list for PBXNativeTarget "LotteryTests" */;
			buildPhases = (
				88709D3D202C9C8F0010B9D3 /* Sources */,
				88709D3E202C9C8F0010B9D3 /* Frameworks */,
				88709D3F202C9C8F0010B9D3 /* Resources */,
			);
			buildRules = (
			);
			dependencies = (
				88709D43202C9C8F0010B9D3 /* PBXTargetDependency */,
			);
			name = LotteryTests;
			productName = LotteryTests;
			productReference = 88709D41202C9C8F0010B9D3 /* LotteryTests.xctest */;
			productType = "com.apple.product-type.bundle.unit-test";
		};
		88709D4B202C9C8F0010B9D3 /* LotteryUITests */ = {
			isa = PBXNativeTarget;
			buildConfigurationList = 88709D5B202C9C8F0010B9D3 /* Build configuration list for PBXNativeTarget "LotteryUITests" */;
			buildPhases = (
				88709D48202C9C8F0010B9D3 /* Sources */,
				88709D49202C9C8F0010B9D3 /* Frameworks */,
				88709D4A202C9C8F0010B9D3 /* Resources */,
			);
			buildRules = (
			);
			dependencies = (
				88709D4E202C9C8F0010B9D3 /* PBXTargetDependency */,
			);
			name = LotteryUITests;
			productName = LotteryUITests;
			productReference = 88709D4C202C9C8F0010B9D3 /* LotteryUITests.xctest */;
			productType = "com.apple.product-type.bundle.ui-testing";
		};
/* End PBXNativeTarget section */

/* Begin PBXProject section */
		88709D25202C9C8F0010B9D3 /* Project object */ = {
			isa = PBXProject;
			attributes = {
				LastSwiftUpdateCheck = 0920;
				LastUpgradeCheck = 0920;
				ORGANIZATIONNAME = "Tatsuo Ikeda";
				TargetAttributes = {
					88709D2C202C9C8F0010B9D3 = {
						CreatedOnToolsVersion = 9.2;
						ProvisioningStyle = Automatic;
					};
					88709D40202C9C8F0010B9D3 = {
						CreatedOnToolsVersion = 9.2;
						ProvisioningStyle = Automatic;
						TestTargetID = 88709D2C202C9C8F0010B9D3;
					};
					88709D4B202C9C8F0010B9D3 = {
						CreatedOnToolsVersion = 9.2;
						ProvisioningStyle = Automatic;
						TestTargetID = 88709D2C202C9C8F0010B9D3;
					};
				};
			};
			buildConfigurationList = 88709D28202C9C8F0010B9D3 /* Build configuration list for PBXProject "Lottery" */;
			compatibilityVersion = "Xcode 8.0";
			developmentRegion = en;
			hasScannedForEncodings = 0;
			knownRegions = (
				en,
				Base,
			);
			mainGroup = 88709D24202C9C8F0010B9D3;
			productRefGroup = 88709D2E202C9C8F0010B9D3 /* Products */;
			projectDirPath = "";
			projectRoot = "";
			targets = (
				88709D2C202C9C8F0010B9D3 /* Lottery */,
				88709D40202C9C8F0010B9D3 /* LotteryTests */,
				88709D4B202C9C8F0010B9D3 /* LotteryUITests */,
			);
		};
/* End PBXProject section */

/* Begin PBXResourcesBuildPhase section */
		88709D2B202C9C8F0010B9D3 /* Resources */ = {
			isa = PBXResourcesBuildPhase;
			buildActionMask = 2147483647;
			files = (
				88709D3B202C9C8F0010B9D3 /* LaunchScreen.storyboard in Resources */,
				88709D38202C9C8F0010B9D3 /* Assets.xcassets in Resources */,
				88709D36202C9C8F0010B9D3 /* Main.storyboard in Resources */,
			);
			runOnlyForDeploymentPostprocessing = 0;
		};
		88709D3F202C9C8F0010B9D3 /* Resources */ = {
			isa = PBXResourcesBuildPhase;
			buildActionMask = 2147483647;
			files = (
			);
			runOnlyForDeploymentPostprocessing = 0;
		};
		88709D4A202C9C8F0010B9D3 /* Resources */ = {
			isa = PBXResourcesBuildPhase;
			buildActionMask = 2147483647;
			files = (
			);
			runOnlyForDeploymentPostprocessing = 0;
		};
/* End PBXResourcesBuildPhase section */

/* Begin PBXSourcesBuildPhase section */
		88709D29202C9C8F0010B9D3 /* Sources */ = {
			isa = PBXSourcesBuildPhase;
			buildActionMask = 2147483647;
			files = (
				88709D33202C9C8F0010B9D3 /* ViewController.swift in Sources */,
				88709D31202C9C8F0010B9D3 /* AppDelegate.swift in Sources */,
			);
			runOnlyForDeploymentPostprocessing = 0;
		};
		88709D3D202C9C8F0010B9D3 /* Sources */ = {
			isa = PBXSourcesBuildPhase;
			buildActionMask = 2147483647;
			files = (
				88709D46202C9C8F0010B9D3 /* LotteryTests.swift in Sources */,
			);
			runOnlyForDeploymentPostprocessing = 0;
		};
		88709D48202C9C8F0010B9D3 /* Sources */ = {
			isa = PBXSourcesBuildPhase;
			buildActionMask = 2147483647;
			files = (
				88709D51202C9C8F0010B9D3 /* LotteryUITests.swift in Sources */,
			);
			runOnlyForDeploymentPostprocessing = 0;
		};
/* End PBXSourcesBuildPhase section */

/* Begin PBXTargetDependency section */
		88709D43202C9C8F0010B9D3 /* PBXTargetDependency */ = {
			isa = PBXTargetDependency;
			target = 88709D2C202C9C8F0010B9D3 /* Lottery */;
			targetProxy = 88709D42202C9C8F0010B9D3 /* PBXContainerItemProxy */;
		};
		88709D4E202C9C8F0010B9D3 /* PBXTargetDependency */ = {
			isa = PBXTargetDependency;
			target = 88709D2C202C9C8F0010B9D3 /* Lottery */;
			targetProxy = 88709D4D202C9C8F0010B9D3 /* PBXContainerItemProxy */;
		};
/* End PBXTargetDependency section */

/* Begin PBXVariantGroup section */
		88709D34202C9C8F0010B9D3 /* Main.storyboard */ = {
			isa = PBXVariantGroup;
			children = (
				88709D35202C9C8F0010B9D3 /* Base */,
			);
			name = Main.storyboard;
			sourceTree = "<group>";
		};
		88709D39202C9C8F0010B9D3 /* LaunchScreen.storyboard */ = {
			isa = PBXVariantGroup;
			children = (
				88709D3A202C9C8F0010B9D3 /* Base */,
			);
			name = LaunchScreen.storyboard;
			sourceTree = "<group>";
		};
/* End PBXVariantGroup section */

/* Begin XCBuildConfiguration section */
		88709D53202C9C8F0010B9D3 /* Debug */ = {
			isa = XCBuildConfiguration;
			buildSettings = {
				ALWAYS_SEARCH_USER_PATHS = NO;
				CLANG_ANALYZER_NONNULL = YES;
				CLANG_ANALYZER_NUMBER_OBJECT_CONVERSION = YES_AGGRESSIVE;
				CLANG_CXX_LANGUAGE_STANDARD = "gnu++14";
				CLANG_CXX_LIBRARY = "libc++";
				CLANG_ENABLE_MODULES = YES;
				CLANG_ENABLE_OBJC_ARC = YES;
				CLANG_WARN_BLOCK_CAPTURE_AUTORELEASING = YES;
				CLANG_WARN_BOOL_CONVERSION = YES;
				CLANG_WARN_COMMA = YES;
				CLANG_WARN_CONSTANT_CONVERSION = YES;
				CLANG_WARN_DIRECT_OBJC_ISA_USAGE = YES_ERROR;
				CLANG_WARN_DOCUMENTATION_COMMENTS = YES;
				CLANG_WARN_EMPTY_BODY = YES;
				CLANG_WARN_ENUM_CONVERSION = YES;
				CLANG_WARN_INFINITE_RECURSION = YES;
				CLANG_WARN_INT_CONVERSION = YES;
				CLANG_WARN_NON_LITERAL_NULL_CONVERSION = YES;
				CLANG_WARN_OBJC_LITERAL_CONVERSION = YES;
				CLANG_WARN_OBJC_ROOT_CLASS = YES_ERROR;
				CLANG_WARN_RANGE_LOOP_ANALYSIS = YES;
				CLANG_WARN_STRICT_PROTOTYPES = YES;
				CLANG_WARN_SUSPICIOUS_MOVE = YES;
				CLANG_WARN_UNGUARDED_AVAILABILITY = YES_AGGRESSIVE;
				CLANG_WARN_UNREACHABLE_CODE = YES;
				CLANG_WARN__DUPLICATE_METHOD_MATCH = YES;
				CODE_SIGN_IDENTITY = "iPhone Developer";
				COPY_PHASE_STRIP = NO;
				DEBUG_INFORMATION_FORMAT = dwarf;
				ENABLE_STRICT_OBJC_MSGSEND = YES;
				ENABLE_TESTABILITY = YES;
				GCC_C_LANGUAGE_STANDARD = gnu11;
				GCC_DYNAMIC_NO_PIC = NO;
				GCC_NO_COMMON_BLOCKS = YES;
				GCC_OPTIMIZATION_LEVEL = 0;
				GCC_PREPROCESSOR_DEFINITIONS = (
					"DEBUG=1",
					"$(inherited)",
				);
				GCC_WARN_64_TO_32_BIT_CONVERSION = YES;
				GCC_WARN_ABOUT_RETURN_TYPE = YES_ERROR;
				GCC_WARN_UNDECLARED_SELECTOR = YES;
				GCC_WARN_UNINITIALIZED_AUTOS = YES_AGGRESSIVE;
				GCC_WARN_UNUSED_FUNCTION = YES;
				GCC_WARN_UNUSED_VARIABLE = YES;
				IPHONEOS_DEPLOYMENT_TARGET = 11.2;
				MTL_ENABLE_DEBUG_INFO = YES;
				ONLY_ACTIVE_ARCH = YES;
				SDKROOT = iphoneos;
				SWIFT_ACTIVE_COMPILATION_CONDITIONS = DEBUG;
				SWIFT_OPTIMIZATION_LEVEL = "-Onone";
			};
			name = Debug;
		};
		88709D54202C9C8F0010B9D3 /* Release */ = {
			isa = XCBuildConfiguration;
			buildSettings = {
				ALWAYS_SEARCH_USER_PATHS = NO;
				CLANG_ANALYZER_NONNULL = YES;
				CLANG_ANALYZER_NUMBER_OBJECT_CONVERSION = YES_AGGRESSIVE;
				CLANG_CXX_LANGUAGE_STANDARD = "gnu++14";
				CLANG_CXX_LIBRARY = "libc++";
				CLANG_ENABLE_MODULES = YES;
				CLANG_ENABLE_OBJC_ARC = YES;
				CLANG_WARN_BLOCK_CAPTURE_AUTORELEASING = YES;
				CLANG_WARN_BOOL_CONVERSION = YES;
				CLANG_WARN_COMMA = YES;
				CLANG_WARN_CONSTANT_CONVERSION = YES;
				CLANG_WARN_DIRECT_OBJC_ISA_USAGE = YES_ERROR;
				CLANG_WARN_DOCUMENTATION_COMMENTS = YES;
				CLANG_WARN_EMPTY_BODY = YES;
				CLANG_WARN_ENUM_CONVERSION = YES;
				CLANG_WARN_INFINITE_RECURSION = YES;
				CLANG_WARN_INT_CONVERSION = YES;
				CLANG_WARN_NON_LITERAL_NULL_CONVERSION = YES;
				CLANG_WARN_OBJC_LITERAL_CONVERSION = YES;
				CLANG_WARN_OBJC_ROOT_CLASS = YES_ERROR;
				CLANG_WARN_RANGE_LOOP_ANALYSIS = YES;
				CLANG_WARN_STRICT_PROTOTYPES = YES;
				CLANG_WARN_SUSPICIOUS_MOVE = YES;
				CLANG_WARN_UNGUARDED_AVAILABILITY = YES_AGGRESSIVE;
				CLANG_WARN_UNREACHABLE_CODE = YES;
				CLANG_WARN__DUPLICATE_METHOD_MATCH = YES;
				CODE_SIGN_IDENTITY = "iPhone Developer";
				COPY_PHASE_STRIP = NO;
				DEBUG_INFORMATION_FORMAT = "dwarf-with-dsym";
				ENABLE_NS_ASSERTIONS = NO;
				ENABLE_STRICT_OBJC_MSGSEND = YES;
				GCC_C_LANGUAGE_STANDARD = gnu11;
				GCC_NO_COMMON_BLOCKS = YES;
				GCC_WARN_64_TO_32_BIT_CONVERSION = YES;
				GCC_WARN_ABOUT_RETURN_TYPE = YES_ERROR;
				GCC_WARN_UNDECLARED_SELECTOR = YES;
				GCC_WARN_UNINITIALIZED_AUTOS = YES_AGGRESSIVE;
				GCC_WARN_UNUSED_FUNCTION = YES;
				GCC_WARN_UNUSED_VARIABLE = YES;
				IPHONEOS_DEPLOYMENT_TARGET = 11.2;
				MTL_ENABLE_DEBUG_INFO = NO;
				SDKROOT = iphoneos;
				SWIFT_OPTIMIZATION_LEVEL = "-Owholemodule";
				VALIDATE_PRODUCT = YES;
			};
			name = Release;
		};
		88709D56202C9C8F0010B9D3 /* Debug */ = {
			isa = XCBuildConfiguration;
			buildSettings = {
				ASSETCATALOG_COMPILER_APPICON_NAME = AppIcon;
				CODE_SIGN_STYLE = Automatic;
				INFOPLIST_FILE = Lottery/Info.plist;
				LD_RUNPATH_SEARCH_PATHS = "$(inherited) @executable_path/Frameworks";
				PRODUCT_BUNDLE_IDENTIFIER = it.ikeikeikeike.Lottery;
				PRODUCT_NAME = "$(TARGET_NAME)";
				SWIFT_VERSION = 4.0;
				TARGETED_DEVICE_FAMILY = "1,2";
			};
			name = Debug;
		};
		88709D57202C9C8F0010B9D3 /* Release */ = {
			isa = XCBuildConfiguration;
			buildSettings = {
				ASSETCATALOG_COMPILER_APPICON_NAME = AppIcon;
				CODE_SIGN_STYLE = Automatic;
				INFOPLIST_FILE = Lottery/Info.plist;
				LD_RUNPATH_SEARCH_PATHS = "$(inherited) @executable_path/Frameworks";
				PRODUCT_BUNDLE_IDENTIFIER = it.ikeikeikeike.Lottery;
				PRODUCT_NAME = "$(TARGET_NAME)";
				SWIFT_VERSION = 4.0;
				TARGETED_DEVICE_FAMILY = "1,2";
			};
			name = Release;
		};
		88709D59202C9C8F0010B9D3 /* Debug */ = {
			isa = XCBuildConfiguration;
			buildSettings = {
				ALWAYS_EMBED_SWIFT_STANDARD_LIBRARIES = YES;
				BUNDLE_LOADER = "$(TEST_HOST)";
				CODE_SIGN_STYLE = Automatic;
				INFOPLIST_FILE = LotteryTests/Info.plist;
				LD_RUNPATH_SEARCH_PATHS = "$(inherited) @executable_path/Frameworks @loader_path/Frameworks";
				PRODUCT_BUNDLE_IDENTIFIER = it.ikeikeikeike.LotteryTests;
				PRODUCT_NAME = "$(TARGET_NAME)";
				SWIFT_VERSION = 4.0;
				TARGETED_DEVICE_FAMILY = "1,2";
				TEST_HOST = "$(BUILT_PRODUCTS_DIR)/Lottery.app/Lottery";
			};
			name = Debug;
		};
		88709D5A202C9C8F0010B9D3 /* Release */ = {
			isa = XCBuildConfiguration;
			buildSettings = {
				ALWAYS_EMBED_SWIFT_STANDARD_LIBRARIES = YES;
				BUNDLE_LOADER = "$(TEST_HOST)";
				CODE_SIGN_STYLE = Automatic;
				INFOPLIST_FILE = LotteryTests/Info.plist;
				LD_RUNPATH_SEARCH_PATHS = "$(inherited) @executable_path/Frameworks @loader_path/Frameworks";
				PRODUCT_BUNDLE_IDENTIFIER = it.ikeikeikeike.LotteryTests;
				PRODUCT_NAME = "$(TARGET_NAME)";
				SWIFT_VERSION = 4.0;
				TARGETED_DEVICE_FAMILY = "1,2";
				TEST_HOST = "$(BUILT_PRODUCTS_DIR)/Lottery.app/Lottery";
			};
			name = Release;
		};
		88709D5C202C9C8F0010B9D3 /* Debug */ = {
			isa = XCBuildConfiguration;
			buildSettings = {
				ALWAYS_EMBED_SWIFT_STANDARD_LIBRARIES = YES;
				CODE_SIGN_STYLE = Automatic;
				INFOPLIST_FILE = LotteryUITests/Info.plist;
				LD_RUNPATH_SEARCH_PATHS = "$(inherited) @executable_path/Frameworks @loader_path/Frameworks";
				PRODUCT_BUNDLE_IDENTIFIER = it.ikeikeikeike.LotteryUITests;
				PRODUCT_NAME = "$(TARGET_NAME)";
				SWIFT_VERSION = 4.0;
				TARGETED_DEVICE_FAMILY = "1,2";
				TEST_TARGET_NAME = Lottery;
			};
			name = Debug;
		};
		88709D5D202C9C8F0010B9D3 /* Release */ = {
			isa = XCBuildConfiguration;
			buildSettings = {
				ALWAYS_EMBED_SWIFT_STANDARD_LIBRARIES = YES;
				CODE_SIGN_STYLE = Automatic;
				INFOPLIST_FILE = LotteryUITests/Info.plist;
				LD_RUNPATH_SEARCH_PATHS = "$(inherited) @executable_path/Frameworks @loader_path/Frameworks";
				PRODUCT_BUNDLE_IDENTIFIER = it.ikeikeikeike.LotteryUITests;
				PRODUCT_NAME = "$(TARGET_NAME)";
				SWIFT_VERSION = 4.0;
				TARGETED_DEVICE_FAMILY = "1,2";
				TEST_TARGET_NAME = Lottery;
			};
			name = Release;
		};
/* End XCBuildConfiguration section */

/* Begin XCConfigurationList section */
		88709D28202C9C8F0010B9D3 /* Build configuration list for PBXProject "Lottery" */ = {
			isa = XCConfigurationList;
			buildConfigurations = (
				88709D53202C9C8F0010B9D3 /* Debug */,
				88709D54202C9C8F0010B9D3 /* Release */,
			);
			defaultConfigurationIsVisible = 0;
			defaultConfigurationName = Release;
		};
		88709D55202C9C8F0010B9D3 /* Build configuration list for PBXNativeTarget "Lottery" */ = {
			isa = XCConfigurationList;
			buildConfigurations = (
				88709D56202C9C8F0010B9D3 /* Debug */,
				88709D57202C9C8F0010B9D3 /* Release */,
			);
			defaultConfigurationIsVisible = 0;
			defaultConfigurationName = Release;
		};
		88709D58202C9C8F0010B9D3 /* Build configuration list for PBXNativeTarget "LotteryTests" */ = {
			isa = XCConfigurationList;
			buildConfigurations = (
				88709D59202C9C8F0010B9D3 /* Debug */,
				88709D5A202C9C8F0010B9D3 /* Release */,
			);
			defaultConfigurationIsVisible = 0;
			defaultConfigurationName = Release;
		};
		88709D5B202C9C8F0010B9D3 /* Build configuration list for PBXNativeTarget "LotteryUITests" */ = {
			isa = XCConfigurationList;
			buildConfigurations = (
				88709D5C202C9C8F0010B9D3 /* Debug */,
				88709D5D202C9C8F0010B9D3 /* Release */,
			);
			defaultConfigurationIsVisible = 0;
			defaultConfigurationName = Release;
		};
/* End XCConfigurationList section */
	};
	rootObject = 88709D25202C9C8F0010B9D3 /* Project object */;
}
