// !$*UTF8*$!
{
	archiveVersion = 1;
	classes = {
	};
	objectVersion = 48;
	objects = {

/* Begin PBXBuildFile section */
		5F8C9470805118676551CC79 /* Pods_WalletInjectorUITests.framework in Frameworks */ = {isa = PBXBuildFile; fileRef = 21A1671C51CCBA199B45DC00 /* Pods_WalletInjectorUITests.framework */; };
		72A9729BC3DCEEDD87739979 /* Pods_WalletInjectorTests.framework in Frameworks */ = {isa = PBXBuildFile; fileRef = B7F10FC1CE0B49316F0E4853 /* Pods_WalletInjectorTests.framework */; };
		88492620203A010300436860 /* CoincheckJPYRepo.swift in Sources */ = {isa = PBXBuildFile; fileRef = 8849261F203A010300436860 /* CoincheckJPYRepo.swift */; };
		88492622203A046600436860 /* TradeEntity.swift in Sources */ = {isa = PBXBuildFile; fileRef = 88492621203A046600436860 /* TradeEntity.swift */; };
		88492624203A05BF00436860 /* CoincheckJPYUseCase.swift in Sources */ = {isa = PBXBuildFile; fileRef = 88492623203A05BF00436860 /* CoincheckJPYUseCase.swift */; };
		88492626203A072B00436860 /* Translator.swift in Sources */ = {isa = PBXBuildFile; fileRef = 88492625203A072B00436860 /* Translator.swift */; };
		88492628203A075600436860 /* TradeModelTranslator.swift in Sources */ = {isa = PBXBuildFile; fileRef = 88492627203A075600436860 /* TradeModelTranslator.swift */; };
		8849262A203A07DF00436860 /* TradeModel.swift in Sources */ = {isa = PBXBuildFile; fileRef = 88492629203A07DF00436860 /* TradeModel.swift */; };
		885654C820382C3A00064C73 /* RxSwift.framework in Frameworks */ = {isa = PBXBuildFile; fileRef = 885654C720382C3A00064C73 /* RxSwift.framework */; };
		885654CA20382C4D00064C73 /* RxCocoa.framework in Frameworks */ = {isa = PBXBuildFile; fileRef = 885654C920382C4D00064C73 /* RxCocoa.framework */; };
		885654CC20382C5F00064C73 /* RxBlocking.framework in Frameworks */ = {isa = PBXBuildFile; fileRef = 885654CB20382C5F00064C73 /* RxBlocking.framework */; };
		885654CE20382C8000064C73 /* RxMoya.framework in Frameworks */ = {isa = PBXBuildFile; fileRef = 885654CD20382C8000064C73 /* RxMoya.framework */; };
		885654D020382CD700064C73 /* Alamofire.framework in Frameworks */ = {isa = PBXBuildFile; fileRef = 885654CF20382CD700064C73 /* Alamofire.framework */; };
		885654D220382CED00064C73 /* Moya.framework in Frameworks */ = {isa = PBXBuildFile; fileRef = 885654D120382CED00064C73 /* Moya.framework */; };
		885654D420382CFB00064C73 /* ReactiveMoya.framework in Frameworks */ = {isa = PBXBuildFile; fileRef = 885654D320382CFA00064C73 /* ReactiveMoya.framework */; };
		885654D620382D0E00064C73 /* ReactiveSwift.framework in Frameworks */ = {isa = PBXBuildFile; fileRef = 885654D520382D0E00064C73 /* ReactiveSwift.framework */; };
		885654D820382D3800064C73 /* Result.framework in Frameworks */ = {isa = PBXBuildFile; fileRef = 885654D720382D3800064C73 /* Result.framework */; };
		8857FF462047F29D00B8B975 /* RootSlideViewController.swift in Sources */ = {isa = PBXBuildFile; fileRef = 8857FF452047F29D00B8B975 /* RootSlideViewController.swift */; };
		8857FF4820486E7100B8B975 /* FirstViewController.swift in Sources */ = {isa = PBXBuildFile; fileRef = 8857FF4720486E7100B8B975 /* FirstViewController.swift */; };
		8857FF4A20486E9F00B8B975 /* SecondViewController.swift in Sources */ = {isa = PBXBuildFile; fileRef = 8857FF4920486E9F00B8B975 /* SecondViewController.swift */; };
		8857FF4C20486EB000B8B975 /* ThirdViewController.swift in Sources */ = {isa = PBXBuildFile; fileRef = 8857FF4B20486EB000B8B975 /* ThirdViewController.swift */; };
		8857FF4E204874A100B8B975 /* ForthViewController.swift in Sources */ = {isa = PBXBuildFile; fileRef = 8857FF4D204874A100B8B975 /* ForthViewController.swift */; };
		8857FF52204874C900B8B975 /* FifthViewController.swift in Sources */ = {isa = PBXBuildFile; fileRef = 8857FF51204874C900B8B975 /* FifthViewController.swift */; };
		8857FF54204874D000B8B975 /* SixthViewController.swift in Sources */ = {isa = PBXBuildFile; fileRef = 8857FF53204874D000B8B975 /* SixthViewController.swift */; };
		8857FF56204874D800B8B975 /* SeventhViewController.swift in Sources */ = {isa = PBXBuildFile; fileRef = 8857FF55204874D800B8B975 /* SeventhViewController.swift */; };
		8857FF58204874E300B8B975 /* EighthViewController.swift in Sources */ = {isa = PBXBuildFile; fileRef = 8857FF57204874E300B8B975 /* EighthViewController.swift */; };
		8857FF5A204874EB00B8B975 /* NinethViewController.swift in Sources */ = {isa = PBXBuildFile; fileRef = 8857FF59204874EB00B8B975 /* NinethViewController.swift */; };
		8857FF5C204874F100B8B975 /* TenthViewController.swift in Sources */ = {isa = PBXBuildFile; fileRef = 8857FF5B204874F100B8B975 /* TenthViewController.swift */; };
		8863B95220335A1000449D3B /* Charts.framework in Frameworks */ = {isa = PBXBuildFile; fileRef = 8863B95120335A1000449D3B /* Charts.framework */; };
		8863B95720335F6E00449D3B /* RealmSwift.framework in Frameworks */ = {isa = PBXBuildFile; fileRef = 8863B95420335F6E00449D3B /* RealmSwift.framework */; };
		8863B95820335F6E00449D3B /* ChartsRealm.framework in Frameworks */ = {isa = PBXBuildFile; fileRef = 8863B95520335F6E00449D3B /* ChartsRealm.framework */; };
		8863B95920335F6E00449D3B /* Realm.framework in Frameworks */ = {isa = PBXBuildFile; fileRef = 8863B95620335F6E00449D3B /* Realm.framework */; };
		886A9839203991310057F6EE /* Swinject.framework in Frameworks */ = {isa = PBXBuildFile; fileRef = 886A9838203991300057F6EE /* Swinject.framework */; };
		886A983B203991420057F6EE /* SwinjectStoryboard.framework in Frameworks */ = {isa = PBXBuildFile; fileRef = 886A983A203991420057F6EE /* SwinjectStoryboard.framework */; };
		886A983E2039A4390057F6EE /* SwinjectStoryboard+Injector.swift in Sources */ = {isa = PBXBuildFile; fileRef = 886A983D2039A4390057F6EE /* SwinjectStoryboard+Injector.swift */; };
		886A98402039A5690057F6EE /* Swinject+Injector.swift in Sources */ = {isa = PBXBuildFile; fileRef = 886A983F2039A5690057F6EE /* Swinject+Injector.swift */; };
		88A12B83203B071D005E3360 /* CoincheckJPYProvider.swift in Sources */ = {isa = PBXBuildFile; fileRef = 88A12B82203B071D005E3360 /* CoincheckJPYProvider.swift */; };
		88A12B8F203C0B23005E3360 /* ChartPresenter.swift in Sources */ = {isa = PBXBuildFile; fileRef = 88A12B8E203C0B23005E3360 /* ChartPresenter.swift */; };
		88A12B92203C7A9C005E3360 /* CSVDecoder.swift in Sources */ = {isa = PBXBuildFile; fileRef = 88A12B91203C7A9C005E3360 /* CSVDecoder.swift */; };
		88D7BB45204721EE00A85603 /* XLPagerTabStrip.framework in Frameworks */ = {isa = PBXBuildFile; fileRef = 88D7BB44204721EE00A85603 /* XLPagerTabStrip.framework */; };
		88DA4FDC2039ADBB002BF13E /* CoincheckJPYAPI.swift in Sources */ = {isa = PBXBuildFile; fileRef = 88DA4FDB2039ADBB002BF13E /* CoincheckJPYAPI.swift */; };
		88DA4FDF2039B931002BF13E /* CoincheckJPYStore.swift in Sources */ = {isa = PBXBuildFile; fileRef = 88DA4FDE2039B931002BF13E /* CoincheckJPYStore.swift */; };
		88DAC27F20302B6F00874726 /* AppDelegate.swift in Sources */ = {isa = PBXBuildFile; fileRef = 88DAC27E20302B6F00874726 /* AppDelegate.swift */; };
		88DAC28420302B6F00874726 /* Main.storyboard in Resources */ = {isa = PBXBuildFile; fileRef = 88DAC28220302B6F00874726 /* Main.storyboard */; };
		88DAC28620302B6F00874726 /* Assets.xcassets in Resources */ = {isa = PBXBuildFile; fileRef = 88DAC28520302B6F00874726 /* Assets.xcassets */; };
		88DAC28920302B6F00874726 /* LaunchScreen.storyboard in Resources */ = {isa = PBXBuildFile; fileRef = 88DAC28720302B6F00874726 /* LaunchScreen.storyboard */; };
		88DAC29420302B6F00874726 /* WalletInjectorTests.swift in Sources */ = {isa = PBXBuildFile; fileRef = 88DAC29320302B6F00874726 /* WalletInjectorTests.swift */; };
		88DAC29F20302B6F00874726 /* WalletInjectorUITests.swift in Sources */ = {isa = PBXBuildFile; fileRef = 88DAC29E20302B6F00874726 /* WalletInjectorUITests.swift */; };
		88DAC2B120302D5900874726 /* RootTabBarController.swift in Sources */ = {isa = PBXBuildFile; fileRef = 88DAC2B020302D5900874726 /* RootTabBarController.swift */; };
		88DAC2B320302D9D00874726 /* ChartViewController.swift in Sources */ = {isa = PBXBuildFile; fileRef = 88DAC2B220302D9D00874726 /* ChartViewController.swift */; };
		88DAC2B520302DB600874726 /* SettingsViewController.swift in Sources */ = {isa = PBXBuildFile; fileRef = 88DAC2B420302DB600874726 /* SettingsViewController.swift */; };
		88E4FED82046F74200E0DF58 /* ChartViewModel.swift in Sources */ = {isa = PBXBuildFile; fileRef = 88E4FED72046F74200E0DF58 /* ChartViewModel.swift */; };
		88E7231F203C8A820085AD2F /* CSV.framework in Frameworks */ = {isa = PBXBuildFile; fileRef = 88E7231E203C8A820085AD2F /* CSV.framework */; };
		8B8CF6C1E76B7AEAD7144BE9 /* Pods_WalletInjector.framework in Frameworks */ = {isa = PBXBuildFile; fileRef = 08763C3B289EBDA1CCB3D87C /* Pods_WalletInjector.framework */; };
/* End PBXBuildFile section */

/* Begin PBXContainerItemProxy section */
		88DAC29020302B6F00874726 /* PBXContainerItemProxy */ = {
			isa = PBXContainerItemProxy;
			containerPortal = 88DAC27320302B6F00874726 /* Project object */;
			proxyType = 1;
			remoteGlobalIDString = 88DAC27A20302B6F00874726;
			remoteInfo = WalletInjector;
		};
		88DAC29B20302B6F00874726 /* PBXContainerItemProxy */ = {
			isa = PBXContainerItemProxy;
			containerPortal = 88DAC27320302B6F00874726 /* Project object */;
			proxyType = 1;
			remoteGlobalIDString = 88DAC27A20302B6F00874726;
			remoteInfo = WalletInjector;
		};
/* End PBXContainerItemProxy section */

/* Begin PBXFileReference section */
		08763C3B289EBDA1CCB3D87C /* Pods_WalletInjector.framework */ = {isa = PBXFileReference; explicitFileType = wrapper.framework; includeInIndex = 0; path = Pods_WalletInjector.framework; sourceTree = BUILT_PRODUCTS_DIR; };
		21A1671C51CCBA199B45DC00 /* Pods_WalletInjectorUITests.framework */ = {isa = PBXFileReference; explicitFileType = wrapper.framework; includeInIndex = 0; path = Pods_WalletInjectorUITests.framework; sourceTree = BUILT_PRODUCTS_DIR; };
		38D7C07311D8B1AE23699741 /* Pods-WalletInjector.debug.xcconfig */ = {isa = PBXFileReference; includeInIndex = 1; lastKnownFileType = text.xcconfig; name = "Pods-WalletInjector.debug.xcconfig"; path = "Pods/Target Support Files/Pods-WalletInjector/Pods-WalletInjector.debug.xcconfig"; sourceTree = "<group>"; };
		39485864D08DDAC57E6C4200 /* Pods-WalletInjectorTests.release.xcconfig */ = {isa = PBXFileReference; includeInIndex = 1; lastKnownFileType = text.xcconfig; name = "Pods-WalletInjectorTests.release.xcconfig"; path = "Pods/Target Support Files/Pods-WalletInjectorTests/Pods-WalletInjectorTests.release.xcconfig"; sourceTree = "<group>"; };
		5FB056B6E81AD29DDE824F3D /* Pods-WalletInjectorUITests.release.xcconfig */ = {isa = PBXFileReference; includeInIndex = 1; lastKnownFileType = text.xcconfig; name = "Pods-WalletInjectorUITests.release.xcconfig"; path = "Pods/Target Support Files/Pods-WalletInjectorUITests/Pods-WalletInjectorUITests.release.xcconfig"; sourceTree = "<group>"; };
		8849261F203A010300436860 /* CoincheckJPYRepo.swift */ = {isa = PBXFileReference; lastKnownFileType = sourcecode.swift; path = CoincheckJPYRepo.swift; sourceTree = "<group>"; };
		88492621203A046600436860 /* TradeEntity.swift */ = {isa = PBXFileReference; lastKnownFileType = sourcecode.swift; path = TradeEntity.swift; sourceTree = "<group>"; };
		88492623203A05BF00436860 /* CoincheckJPYUseCase.swift */ = {isa = PBXFileReference; lastKnownFileType = sourcecode.swift; path = CoincheckJPYUseCase.swift; sourceTree = "<group>"; };
		88492625203A072B00436860 /* Translator.swift */ = {isa = PBXFileReference; lastKnownFileType = sourcecode.swift; path = Translator.swift; sourceTree = "<group>"; };
		88492627203A075600436860 /* TradeModelTranslator.swift */ = {isa = PBXFileReference; lastKnownFileType = sourcecode.swift; path = TradeModelTranslator.swift; sourceTree = "<group>"; };
		88492629203A07DF00436860 /* TradeModel.swift */ = {isa = PBXFileReference; lastKnownFileType = sourcecode.swift; path = TradeModel.swift; sourceTree = "<group>"; };
		885654C720382C3A00064C73 /* RxSwift.framework */ = {isa = PBXFileReference; lastKnownFileType = wrapper.framework; name = RxSwift.framework; path = Carthage/Build/iOS/RxSwift.framework; sourceTree = "<group>"; };
		885654C920382C4D00064C73 /* RxCocoa.framework */ = {isa = PBXFileReference; lastKnownFileType = wrapper.framework; name = RxCocoa.framework; path = Carthage/Build/iOS/RxCocoa.framework; sourceTree = "<group>"; };
		885654CB20382C5F00064C73 /* RxBlocking.framework */ = {isa = PBXFileReference; lastKnownFileType = wrapper.framework; name = RxBlocking.framework; path = Carthage/Build/iOS/RxBlocking.framework; sourceTree = "<group>"; };
		885654CD20382C8000064C73 /* RxMoya.framework */ = {isa = PBXFileReference; lastKnownFileType = wrapper.framework; name = RxMoya.framework; path = Carthage/Build/iOS/RxMoya.framework; sourceTree = "<group>"; };
		885654CF20382CD700064C73 /* Alamofire.framework */ = {isa = PBXFileReference; lastKnownFileType = wrapper.framework; name = Alamofire.framework; path = Carthage/Build/iOS/Alamofire.framework; sourceTree = "<group>"; };
		885654D120382CED00064C73 /* Moya.framework */ = {isa = PBXFileReference; lastKnownFileType = wrapper.framework; name = Moya.framework; path = Carthage/Build/iOS/Moya.framework; sourceTree = "<group>"; };
		885654D320382CFA00064C73 /* ReactiveMoya.framework */ = {isa = PBXFileReference; lastKnownFileType = wrapper.framework; name = ReactiveMoya.framework; path = Carthage/Build/iOS/ReactiveMoya.framework; sourceTree = "<group>"; };
		885654D520382D0E00064C73 /* ReactiveSwift.framework */ = {isa = PBXFileReference; lastKnownFileType = wrapper.framework; name = ReactiveSwift.framework; path = Carthage/Build/iOS/ReactiveSwift.framework; sourceTree = "<group>"; };
		885654D720382D3800064C73 /* Result.framework */ = {isa = PBXFileReference; lastKnownFileType = wrapper.framework; name = Result.framework; path = Carthage/Build/iOS/Result.framework; sourceTree = "<group>"; };
		8857FF452047F29D00B8B975 /* RootSlideViewController.swift */ = {isa = PBXFileReference; lastKnownFileType = sourcecode.swift; path = RootSlideViewController.swift; sourceTree = "<group>"; };
		8857FF4720486E7100B8B975 /* FirstViewController.swift */ = {isa = PBXFileReference; lastKnownFileType = sourcecode.swift; path = FirstViewController.swift; sourceTree = "<group>"; };
		8857FF4920486E9F00B8B975 /* SecondViewController.swift */ = {isa = PBXFileReference; lastKnownFileType = sourcecode.swift; path = SecondViewController.swift; sourceTree = "<group>"; };
		8857FF4B20486EB000B8B975 /* ThirdViewController.swift */ = {isa = PBXFileReference; lastKnownFileType = sourcecode.swift; path = ThirdViewController.swift; sourceTree = "<group>"; };
		8857FF4D204874A100B8B975 /* ForthViewController.swift */ = {isa = PBXFileReference; lastKnownFileType = sourcecode.swift; path = ForthViewController.swift; sourceTree = "<group>"; };
		8857FF51204874C900B8B975 /* FifthViewController.swift */ = {isa = PBXFileReference; lastKnownFileType = sourcecode.swift; path = FifthViewController.swift; sourceTree = "<group>"; };
		8857FF53204874D000B8B975 /* SixthViewController.swift */ = {isa = PBXFileReference; lastKnownFileType = sourcecode.swift; path = SixthViewController.swift; sourceTree = "<group>"; };
		8857FF55204874D800B8B975 /* SeventhViewController.swift */ = {isa = PBXFileReference; lastKnownFileType = sourcecode.swift; path = SeventhViewController.swift; sourceTree = "<group>"; };
		8857FF57204874E300B8B975 /* EighthViewController.swift */ = {isa = PBXFileReference; lastKnownFileType = sourcecode.swift; path = EighthViewController.swift; sourceTree = "<group>"; };
		8857FF59204874EB00B8B975 /* NinethViewController.swift */ = {isa = PBXFileReference; lastKnownFileType = sourcecode.swift; path = NinethViewController.swift; sourceTree = "<group>"; };
		8857FF5B204874F100B8B975 /* TenthViewController.swift */ = {isa = PBXFileReference; lastKnownFileType = sourcecode.swift; path = TenthViewController.swift; sourceTree = "<group>"; };
		8863B95120335A1000449D3B /* Charts.framework */ = {isa = PBXFileReference; lastKnownFileType = wrapper.framework; name = Charts.framework; path = Carthage/Build/iOS/Charts.framework; sourceTree = "<group>"; };
		8863B95420335F6E00449D3B /* RealmSwift.framework */ = {isa = PBXFileReference; lastKnownFileType = wrapper.framework; name = RealmSwift.framework; path = Carthage/Build/iOS/RealmSwift.framework; sourceTree = "<group>"; };
		8863B95520335F6E00449D3B /* ChartsRealm.framework */ = {isa = PBXFileReference; lastKnownFileType = wrapper.framework; name = ChartsRealm.framework; path = Carthage/Build/iOS/ChartsRealm.framework; sourceTree = "<group>"; };
		8863B95620335F6E00449D3B /* Realm.framework */ = {isa = PBXFileReference; lastKnownFileType = wrapper.framework; name = Realm.framework; path = Carthage/Build/iOS/Realm.framework; sourceTree = "<group>"; };
		886A98362039911C0057F6EE /* SwinjectStoryboard.framework.dSYM */ = {isa = PBXFileReference; lastKnownFileType = wrapper.dsym; name = SwinjectStoryboard.framework.dSYM; path = Carthage/Build/iOS/SwinjectStoryboard.framework.dSYM; sourceTree = "<group>"; };
		886A9838203991300057F6EE /* Swinject.framework */ = {isa = PBXFileReference; lastKnownFileType = wrapper.framework; name = Swinject.framework; path = Carthage/Build/iOS/Swinject.framework; sourceTree = "<group>"; };
		886A983A203991420057F6EE /* SwinjectStoryboard.framework */ = {isa = PBXFileReference; lastKnownFileType = wrapper.framework; name = SwinjectStoryboard.framework; path = Carthage/Build/iOS/SwinjectStoryboard.framework; sourceTree = "<group>"; };
		886A983D2039A4390057F6EE /* SwinjectStoryboard+Injector.swift */ = {isa = PBXFileReference; lastKnownFileType = sourcecode.swift; path = "SwinjectStoryboard+Injector.swift"; sourceTree = "<group>"; };
		886A983F2039A5690057F6EE /* Swinject+Injector.swift */ = {isa = PBXFileReference; lastKnownFileType = sourcecode.swift; path = "Swinject+Injector.swift"; sourceTree = "<group>"; };
		88A12B82203B071D005E3360 /* CoincheckJPYProvider.swift */ = {isa = PBXFileReference; lastKnownFileType = sourcecode.swift; path = CoincheckJPYProvider.swift; sourceTree = "<group>"; };
		88A12B8E203C0B23005E3360 /* ChartPresenter.swift */ = {isa = PBXFileReference; lastKnownFileType = sourcecode.swift; path = ChartPresenter.swift; sourceTree = "<group>"; };
		88A12B91203C7A9C005E3360 /* CSVDecoder.swift */ = {isa = PBXFileReference; lastKnownFileType = sourcecode.swift; path = CSVDecoder.swift; sourceTree = "<group>"; };
		88D7BB44204721EE00A85603 /* XLPagerTabStrip.framework */ = {isa = PBXFileReference; lastKnownFileType = wrapper.framework; name = XLPagerTabStrip.framework; path = Carthage/Build/iOS/XLPagerTabStrip.framework; sourceTree = "<group>"; };
		88DA4FDB2039ADBB002BF13E /* CoincheckJPYAPI.swift */ = {isa = PBXFileReference; lastKnownFileType = sourcecode.swift; path = CoincheckJPYAPI.swift; sourceTree = "<group>"; };
		88DA4FDE2039B931002BF13E /* CoincheckJPYStore.swift */ = {isa = PBXFileReference; lastKnownFileType = sourcecode.swift; path = CoincheckJPYStore.swift; sourceTree = "<group>"; };
		88DAC27B20302B6F00874726 /* WalletInjector.app */ = {isa = PBXFileReference; explicitFileType = wrapper.application; includeInIndex = 0; path = WalletInjector.app; sourceTree = BUILT_PRODUCTS_DIR; };
		88DAC27E20302B6F00874726 /* AppDelegate.swift */ = {isa = PBXFileReference; lastKnownFileType = sourcecode.swift; path = AppDelegate.swift; sourceTree = "<group>"; };
		88DAC28320302B6F00874726 /* Base */ = {isa = PBXFileReference; lastKnownFileType = file.storyboard; name = Base; path = Base.lproj/Main.storyboard; sourceTree = "<group>"; };
		88DAC28520302B6F00874726 /* Assets.xcassets */ = {isa = PBXFileReference; lastKnownFileType = folder.assetcatalog; path = Assets.xcassets; sourceTree = "<group>"; };
		88DAC28820302B6F00874726 /* Base */ = {isa = PBXFileReference; lastKnownFileType = file.storyboard; name = Base; path = Base.lproj/LaunchScreen.storyboard; sourceTree = "<group>"; };
		88DAC28A20302B6F00874726 /* Info.plist */ = {isa = PBXFileReference; lastKnownFileType = text.plist.xml; path = Info.plist; sourceTree = "<group>"; };
		88DAC28F20302B6F00874726 /* WalletInjectorTests.xctest */ = {isa = PBXFileReference; explicitFileType = wrapper.cfbundle; includeInIndex = 0; path = WalletInjectorTests.xctest; sourceTree = BUILT_PRODUCTS_DIR; };
		88DAC29320302B6F00874726 /* WalletInjectorTests.swift */ = {isa = PBXFileReference; lastKnownFileType = sourcecode.swift; path = WalletInjectorTests.swift; sourceTree = "<group>"; };
		88DAC29520302B6F00874726 /* Info.plist */ = {isa = PBXFileReference; lastKnownFileType = text.plist.xml; path = Info.plist; sourceTree = "<group>"; };
		88DAC29A20302B6F00874726 /* WalletInjectorUITests.xctest */ = {isa = PBXFileReference; explicitFileType = wrapper.cfbundle; includeInIndex = 0; path = WalletInjectorUITests.xctest; sourceTree = BUILT_PRODUCTS_DIR; };
		88DAC29E20302B6F00874726 /* WalletInjectorUITests.swift */ = {isa = PBXFileReference; lastKnownFileType = sourcecode.swift; path = WalletInjectorUITests.swift; sourceTree = "<group>"; };
		88DAC2A020302B6F00874726 /* Info.plist */ = {isa = PBXFileReference; lastKnownFileType = text.plist.xml; path = Info.plist; sourceTree = "<group>"; };
		88DAC2B020302D5900874726 /* RootTabBarController.swift */ = {isa = PBXFileReference; lastKnownFileType = sourcecode.swift; path = RootTabBarController.swift; sourceTree = "<group>"; };
		88DAC2B220302D9D00874726 /* ChartViewController.swift */ = {isa = PBXFileReference; lastKnownFileType = sourcecode.swift; path = ChartViewController.swift; sourceTree = "<group>"; };
		88DAC2B420302DB600874726 /* SettingsViewController.swift */ = {isa = PBXFileReference; lastKnownFileType = sourcecode.swift; path = SettingsViewController.swift; sourceTree = "<group>"; };
		88E4FED72046F74200E0DF58 /* ChartViewModel.swift */ = {isa = PBXFileReference; lastKnownFileType = sourcecode.swift; path = ChartViewModel.swift; sourceTree = "<group>"; };
		88E7231E203C8A820085AD2F /* CSV.framework */ = {isa = PBXFileReference; lastKnownFileType = wrapper.framework; name = CSV.framework; path = Carthage/Build/iOS/CSV.framework; sourceTree = "<group>"; };
		89E9D8DFCE3C78184AFA1345 /* Pods-WalletInjectorTests.debug.xcconfig */ = {isa = PBXFileReference; includeInIndex = 1; lastKnownFileType = text.xcconfig; name = "Pods-WalletInjectorTests.debug.xcconfig"; path = "Pods/Target Support Files/Pods-WalletInjectorTests/Pods-WalletInjectorTests.debug.xcconfig"; sourceTree = "<group>"; };
		A101EFBA6074C88D7FAD79B3 /* Pods-WalletInjector.release.xcconfig */ = {isa = PBXFileReference; includeInIndex = 1; lastKnownFileType = text.xcconfig; name = "Pods-WalletInjector.release.xcconfig"; path = "Pods/Target Support Files/Pods-WalletInjector/Pods-WalletInjector.release.xcconfig"; sourceTree = "<group>"; };
		A36C6796DB419E3A4F50F654 /* Pods-WalletInjectorUITests.debug.xcconfig */ = {isa = PBXFileReference; includeInIndex = 1; lastKnownFileType = text.xcconfig; name = "Pods-WalletInjectorUITests.debug.xcconfig"; path = "Pods/Target Support Files/Pods-WalletInjectorUITests/Pods-WalletInjectorUITests.debug.xcconfig"; sourceTree = "<group>"; };
		B7F10FC1CE0B49316F0E4853 /* Pods_WalletInjectorTests.framework */ = {isa = PBXFileReference; explicitFileType = wrapper.framework; includeInIndex = 0; path = Pods_WalletInjectorTests.framework; sourceTree = BUILT_PRODUCTS_DIR; };
/* End PBXFileReference section */

/* Begin PBXFrameworksBuildPhase section */
		88DAC27820302B6F00874726 /* Frameworks */ = {
			isa = PBXFrameworksBuildPhase;
			buildActionMask = 2147483647;
			files = (
				88D7BB45204721EE00A85603 /* XLPagerTabStrip.framework in Frameworks */,
				88E7231F203C8A820085AD2F /* CSV.framework in Frameworks */,
				886A983B203991420057F6EE /* SwinjectStoryboard.framework in Frameworks */,
				886A9839203991310057F6EE /* Swinject.framework in Frameworks */,
				885654D820382D3800064C73 /* Result.framework in Frameworks */,
				885654D620382D0E00064C73 /* ReactiveSwift.framework in Frameworks */,
				885654D420382CFB00064C73 /* ReactiveMoya.framework in Frameworks */,
				885654D220382CED00064C73 /* Moya.framework in Frameworks */,
				885654D020382CD700064C73 /* Alamofire.framework in Frameworks */,
				885654CE20382C8000064C73 /* RxMoya.framework in Frameworks */,
				885654CC20382C5F00064C73 /* RxBlocking.framework in Frameworks */,
				885654CA20382C4D00064C73 /* RxCocoa.framework in Frameworks */,
				885654C820382C3A00064C73 /* RxSwift.framework in Frameworks */,
				8863B95920335F6E00449D3B /* Realm.framework in Frameworks */,
				8863B95720335F6E00449D3B /* RealmSwift.framework in Frameworks */,
				8863B95820335F6E00449D3B /* ChartsRealm.framework in Frameworks */,
				8863B95220335A1000449D3B /* Charts.framework in Frameworks */,
				8B8CF6C1E76B7AEAD7144BE9 /* Pods_WalletInjector.framework in Frameworks */,
			);
			runOnlyForDeploymentPostprocessing = 0;
		};
		88DAC28C20302B6F00874726 /* Frameworks */ = {
			isa = PBXFrameworksBuildPhase;
			buildActionMask = 2147483647;
			files = (
				72A9729BC3DCEEDD87739979 /* Pods_WalletInjectorTests.framework in Frameworks */,
			);
			runOnlyForDeploymentPostprocessing = 0;
		};
		88DAC29720302B6F00874726 /* Frameworks */ = {
			isa = PBXFrameworksBuildPhase;
			buildActionMask = 2147483647;
			files = (
				5F8C9470805118676551CC79 /* Pods_WalletInjectorUITests.framework in Frameworks */,
			);
			runOnlyForDeploymentPostprocessing = 0;
		};
/* End PBXFrameworksBuildPhase section */

/* Begin PBXGroup section */
		087477ED167EA4B5DD1143F9 /* Pods */ = {
			isa = PBXGroup;
			children = (
				38D7C07311D8B1AE23699741 /* Pods-WalletInjector.debug.xcconfig */,
				A101EFBA6074C88D7FAD79B3 /* Pods-WalletInjector.release.xcconfig */,
				89E9D8DFCE3C78184AFA1345 /* Pods-WalletInjectorTests.debug.xcconfig */,
				39485864D08DDAC57E6C4200 /* Pods-WalletInjectorTests.release.xcconfig */,
				A36C6796DB419E3A4F50F654 /* Pods-WalletInjectorUITests.debug.xcconfig */,
				5FB056B6E81AD29DDE824F3D /* Pods-WalletInjectorUITests.release.xcconfig */,
			);
			name = Pods;
			sourceTree = "<group>";
		};
		886A9830203855A10057F6EE /* UI */ = {
			isa = PBXGroup;
			children = (
				88A12B85203B2CFA005E3360 /* Presenter */,
				886A9831203855B30057F6EE /* View */,
				88A12B84203B2CE6005E3360 /* ViewModel */,
				886A983C2039A3900057F6EE /* Routing */,
			);
			path = UI;
			sourceTree = "<group>";
		};
		886A9831203855B30057F6EE /* View */ = {
			isa = PBXGroup;
			children = (
				88A12B8A203C0A8F005E3360 /* Root */,
				88A12B88203C0A7C005E3360 /* Chart */,
				88A12B89203C0A85005E3360 /* Settings */,
			);
			path = View;
			sourceTree = "<group>";
		};
		886A9832203856020057F6EE /* Data */ = {
			isa = PBXGroup;
			children = (
				886A9835203856400057F6EE /* Entity */,
				886A98342038562E0057F6EE /* Repo */,
				88DA4FD72039ACF8002BF13E /* Store */,
			);
			path = Data;
			sourceTree = "<group>";
		};
		886A9833203856100057F6EE /* Domain */ = {
			isa = PBXGroup;
			children = (
				88DA4FDA2039AD33002BF13E /* Model */,
				88DA4FD82039AD2B002BF13E /* Translator */,
				88DA4FD92039AD2F002BF13E /* UseCase */,
			);
			path = Domain;
			sourceTree = "<group>";
		};
		886A98342038562E0057F6EE /* Repo */ = {
			isa = PBXGroup;
			children = (
				8849261F203A010300436860 /* CoincheckJPYRepo.swift */,
			);
			path = Repo;
			sourceTree = "<group>";
		};
		886A9835203856400057F6EE /* Entity */ = {
			isa = PBXGroup;
			children = (
				88492621203A046600436860 /* TradeEntity.swift */,
			);
			path = Entity;
			sourceTree = "<group>";
		};
		886A983C2039A3900057F6EE /* Routing */ = {
			isa = PBXGroup;
			children = (
			);
			path = Routing;
			sourceTree = "<group>";
		};
		88A12B84203B2CE6005E3360 /* ViewModel */ = {
			isa = PBXGroup;
			children = (
				88E4FED72046F74200E0DF58 /* ChartViewModel.swift */,
			);
			path = ViewModel;
			sourceTree = "<group>";
		};
		88A12B85203B2CFA005E3360 /* Presenter */ = {
			isa = PBXGroup;
			children = (
				88A12B8B203C0AAD005E3360 /* Chart */,
			);
			path = Presenter;
			sourceTree = "<group>";
		};
		88A12B88203C0A7C005E3360 /* Chart */ = {
			isa = PBXGroup;
			children = (
				88DAC2B220302D9D00874726 /* ChartViewController.swift */,
				8857FF4720486E7100B8B975 /* FirstViewController.swift */,
				8857FF4920486E9F00B8B975 /* SecondViewController.swift */,
				8857FF4B20486EB000B8B975 /* ThirdViewController.swift */,
				8857FF4D204874A100B8B975 /* ForthViewController.swift */,
				8857FF51204874C900B8B975 /* FifthViewController.swift */,
				8857FF53204874D000B8B975 /* SixthViewController.swift */,
				8857FF55204874D800B8B975 /* SeventhViewController.swift */,
				8857FF57204874E300B8B975 /* EighthViewController.swift */,
				8857FF59204874EB00B8B975 /* NinethViewController.swift */,
				8857FF5B204874F100B8B975 /* TenthViewController.swift */,
			);
			path = Chart;
			sourceTree = "<group>";
		};
		88A12B89203C0A85005E3360 /* Settings */ = {
			isa = PBXGroup;
			children = (
				88DAC2B420302DB600874726 /* SettingsViewController.swift */,
			);
			path = Settings;
			sourceTree = "<group>";
		};
		88A12B8A203C0A8F005E3360 /* Root */ = {
			isa = PBXGroup;
			children = (
				88DAC2B020302D5900874726 /* RootTabBarController.swift */,
				8857FF452047F29D00B8B975 /* RootSlideViewController.swift */,
			);
			path = Root;
			sourceTree = "<group>";
		};
		88A12B8B203C0AAD005E3360 /* Chart */ = {
			isa = PBXGroup;
			children = (
				88A12B8E203C0B23005E3360 /* ChartPresenter.swift */,
			);
			path = Chart;
			sourceTree = "<group>";
		};
		88A12B90203C7A8A005E3360 /* Utils */ = {
			isa = PBXGroup;
			children = (
				88A12B91203C7A9C005E3360 /* CSVDecoder.swift */,
			);
			path = Utils;
			sourceTree = "<group>";
		};
		88DA4FD72039ACF8002BF13E /* Store */ = {
			isa = PBXGroup;
			children = (
				88DA4FDD2039AE59002BF13E /* API */,
				88DA4FDE2039B931002BF13E /* CoincheckJPYStore.swift */,
			);
			path = Store;
			sourceTree = "<group>";
		};
		88DA4FD82039AD2B002BF13E /* Translator */ = {
			isa = PBXGroup;
			children = (
				88492625203A072B00436860 /* Translator.swift */,
				88492627203A075600436860 /* TradeModelTranslator.swift */,
			);
			path = Translator;
			sourceTree = "<group>";
		};
		88DA4FD92039AD2F002BF13E /* UseCase */ = {
			isa = PBXGroup;
			children = (
				88492623203A05BF00436860 /* CoincheckJPYUseCase.swift */,
			);
			path = UseCase;
			sourceTree = "<group>";
		};
		88DA4FDA2039AD33002BF13E /* Model */ = {
			isa = PBXGroup;
			children = (
				88492629203A07DF00436860 /* TradeModel.swift */,
			);
			path = Model;
			sourceTree = "<group>";
		};
		88DA4FDD2039AE59002BF13E /* API */ = {
			isa = PBXGroup;
			children = (
				88DA4FDB2039ADBB002BF13E /* CoincheckJPYAPI.swift */,
				88A12B82203B071D005E3360 /* CoincheckJPYProvider.swift */,
			);
			path = API;
			sourceTree = "<group>";
		};
		88DAC27220302B6F00874726 = {
			isa = PBXGroup;
			children = (
				88DAC27D20302B6F00874726 /* WalletInjector */,
				88DAC29220302B6F00874726 /* WalletInjectorTests */,
				88DAC29D20302B6F00874726 /* WalletInjectorUITests */,
				88DAC27C20302B6F00874726 /* Products */,
				FEFC684FF0D19EC97317EEE3 /* Frameworks */,
				087477ED167EA4B5DD1143F9 /* Pods */,
			);
			sourceTree = "<group>";
		};
		88DAC27C20302B6F00874726 /* Products */ = {
			isa = PBXGroup;
			children = (
				88DAC27B20302B6F00874726 /* WalletInjector.app */,
				88DAC28F20302B6F00874726 /* WalletInjectorTests.xctest */,
				88DAC29A20302B6F00874726 /* WalletInjectorUITests.xctest */,
			);
			name = Products;
			sourceTree = "<group>";
		};
		88DAC27D20302B6F00874726 /* WalletInjector */ = {
			isa = PBXGroup;
			children = (
				886A9832203856020057F6EE /* Data */,
				886A9833203856100057F6EE /* Domain */,
				886A9830203855A10057F6EE /* UI */,
				88A12B90203C7A8A005E3360 /* Utils */,
				886A983F2039A5690057F6EE /* Swinject+Injector.swift */,
				886A983D2039A4390057F6EE /* SwinjectStoryboard+Injector.swift */,
				88DAC27E20302B6F00874726 /* AppDelegate.swift */,
				88DAC28220302B6F00874726 /* Main.storyboard */,
				88DAC28520302B6F00874726 /* Assets.xcassets */,
				88DAC28720302B6F00874726 /* LaunchScreen.storyboard */,
				88DAC28A20302B6F00874726 /* Info.plist */,
			);
			path = WalletInjector;
			sourceTree = "<group>";
		};
		88DAC29220302B6F00874726 /* WalletInjectorTests */ = {
			isa = PBXGroup;
			children = (
				88DAC29320302B6F00874726 /* WalletInjectorTests.swift */,
				88DAC29520302B6F00874726 /* Info.plist */,
			);
			path = WalletInjectorTests;
			sourceTree = "<group>";
		};
		88DAC29D20302B6F00874726 /* WalletInjectorUITests */ = {
			isa = PBXGroup;
			children = (
				88DAC29E20302B6F00874726 /* WalletInjectorUITests.swift */,
				88DAC2A020302B6F00874726 /* Info.plist */,
			);
			path = WalletInjectorUITests;
			sourceTree = "<group>";
		};
		FEFC684FF0D19EC97317EEE3 /* Frameworks */ = {
			isa = PBXGroup;
			children = (
				88D7BB44204721EE00A85603 /* XLPagerTabStrip.framework */,
				88E7231E203C8A820085AD2F /* CSV.framework */,
				886A983A203991420057F6EE /* SwinjectStoryboard.framework */,
				886A9838203991300057F6EE /* Swinject.framework */,
				886A98362039911C0057F6EE /* SwinjectStoryboard.framework.dSYM */,
				885654D720382D3800064C73 /* Result.framework */,
				885654D520382D0E00064C73 /* ReactiveSwift.framework */,
				885654D320382CFA00064C73 /* ReactiveMoya.framework */,
				885654D120382CED00064C73 /* Moya.framework */,
				885654CF20382CD700064C73 /* Alamofire.framework */,
				885654CD20382C8000064C73 /* RxMoya.framework */,
				885654CB20382C5F00064C73 /* RxBlocking.framework */,
				885654C920382C4D00064C73 /* RxCocoa.framework */,
				885654C720382C3A00064C73 /* RxSwift.framework */,
				8863B95520335F6E00449D3B /* ChartsRealm.framework */,
				8863B95620335F6E00449D3B /* Realm.framework */,
				8863B95420335F6E00449D3B /* RealmSwift.framework */,
				8863B95120335A1000449D3B /* Charts.framework */,
				08763C3B289EBDA1CCB3D87C /* Pods_WalletInjector.framework */,
				B7F10FC1CE0B49316F0E4853 /* Pods_WalletInjectorTests.framework */,
				21A1671C51CCBA199B45DC00 /* Pods_WalletInjectorUITests.framework */,
			);
			name = Frameworks;
			sourceTree = "<group>";
		};
/* End PBXGroup section */

/* Begin PBXNativeTarget section */
		88DAC27A20302B6F00874726 /* WalletInjector */ = {
			isa = PBXNativeTarget;
			buildConfigurationList = 88DAC2A320302B6F00874726 /* Build configuration list for PBXNativeTarget "WalletInjector" */;
			buildPhases = (
				B6D1AFDC8FD4FC29D94DF1C2 /* [CP] Check Pods Manifest.lock */,
				88DAC27720302B6F00874726 /* Sources */,
				88DAC27820302B6F00874726 /* Frameworks */,
				88DAC27920302B6F00874726 /* Resources */,
				8863B95320335A5300449D3B /* Run Script */,
				689CB77EAABA8C8271378E07 /* [CP] Embed Pods Frameworks */,
				DD7D42309550D5EAD1F55680 /* [CP] Copy Pods Resources */,
			);
			buildRules = (
			);
			dependencies = (
			);
			name = WalletInjector;
			productName = WalletInjector;
			productReference = 88DAC27B20302B6F00874726 /* WalletInjector.app */;
			productType = "com.apple.product-type.application";
		};
		88DAC28E20302B6F00874726 /* WalletInjectorTests */ = {
			isa = PBXNativeTarget;
			buildConfigurationList = 88DAC2A620302B6F00874726 /* Build configuration list for PBXNativeTarget "WalletInjectorTests" */;
			buildPhases = (
				50004B91A0B6F94E4FF40D3B /* [CP] Check Pods Manifest.lock */,
				88DAC28B20302B6F00874726 /* Sources */,
				88DAC28C20302B6F00874726 /* Frameworks */,
				88DAC28D20302B6F00874726 /* Resources */,
				08CA7B14A7CF204F3D315544 /* [CP] Embed Pods Frameworks */,
				71E3C6C0B06308C54E0C0801 /* [CP] Copy Pods Resources */,
			);
			buildRules = (
			);
			dependencies = (
				88DAC29120302B6F00874726 /* PBXTargetDependency */,
			);
			name = WalletInjectorTests;
			productName = WalletInjectorTests;
			productReference = 88DAC28F20302B6F00874726 /* WalletInjectorTests.xctest */;
			productType = "com.apple.product-type.bundle.unit-test";
		};
		88DAC29920302B6F00874726 /* WalletInjectorUITests */ = {
			isa = PBXNativeTarget;
			buildConfigurationList = 88DAC2A920302B6F00874726 /* Build configuration list for PBXNativeTarget "WalletInjectorUITests" */;
			buildPhases = (
				3E7FB2556FFCA042530BDCA1 /* [CP] Check Pods Manifest.lock */,
				88DAC29620302B6F00874726 /* Sources */,
				88DAC29720302B6F00874726 /* Frameworks */,
				88DAC29820302B6F00874726 /* Resources */,
				73DDFF37B8E2BFED11BFEECE /* [CP] Embed Pods Frameworks */,
				42AE2E8BB91C3642149304B0 /* [CP] Copy Pods Resources */,
			);
			buildRules = (
			);
			dependencies = (
				88DAC29C20302B6F00874726 /* PBXTargetDependency */,
			);
			name = WalletInjectorUITests;
			productName = WalletInjectorUITests;
			productReference = 88DAC29A20302B6F00874726 /* WalletInjectorUITests.xctest */;
			productType = "com.apple.product-type.bundle.ui-testing";
		};
/* End PBXNativeTarget section */

/* Begin PBXProject section */
		88DAC27320302B6F00874726 /* Project object */ = {
			isa = PBXProject;
			attributes = {
				LastSwiftUpdateCheck = 0920;
				LastUpgradeCheck = 0920;
				ORGANIZATIONNAME = "Tatsuo Ikeda";
				TargetAttributes = {
					88DAC27A20302B6F00874726 = {
						CreatedOnToolsVersion = 9.2;
						ProvisioningStyle = Automatic;
					};
					88DAC28E20302B6F00874726 = {
						CreatedOnToolsVersion = 9.2;
						ProvisioningStyle = Automatic;
						TestTargetID = 88DAC27A20302B6F00874726;
					};
					88DAC29920302B6F00874726 = {
						CreatedOnToolsVersion = 9.2;
						ProvisioningStyle = Automatic;
						TestTargetID = 88DAC27A20302B6F00874726;
					};
				};
			};
			buildConfigurationList = 88DAC27620302B6F00874726 /* Build configuration list for PBXProject "WalletInjector" */;
			compatibilityVersion = "Xcode 8.0";
			developmentRegion = en;
			hasScannedForEncodings = 0;
			knownRegions = (
				en,
				Base,
			);
			mainGroup = 88DAC27220302B6F00874726;
			productRefGroup = 88DAC27C20302B6F00874726 /* Products */;
			projectDirPath = "";
			projectRoot = "";
			targets = (
				88DAC27A20302B6F00874726 /* WalletInjector */,
				88DAC28E20302B6F00874726 /* WalletInjectorTests */,
				88DAC29920302B6F00874726 /* WalletInjectorUITests */,
			);
		};
/* End PBXProject section */

/* Begin PBXResourcesBuildPhase section */
		88DAC27920302B6F00874726 /* Resources */ = {
			isa = PBXResourcesBuildPhase;
			buildActionMask = 2147483647;
			files = (
				88DAC28920302B6F00874726 /* LaunchScreen.storyboard in Resources */,
				88DAC28620302B6F00874726 /* Assets.xcassets in Resources */,
				88DAC28420302B6F00874726 /* Main.storyboard in Resources */,
			);
			runOnlyForDeploymentPostprocessing = 0;
		};
		88DAC28D20302B6F00874726 /* Resources */ = {
			isa = PBXResourcesBuildPhase;
			buildActionMask = 2147483647;
			files = (
			);
			runOnlyForDeploymentPostprocessing = 0;
		};
		88DAC29820302B6F00874726 /* Resources */ = {
			isa = PBXResourcesBuildPhase;
			buildActionMask = 2147483647;
			files = (
			);
			runOnlyForDeploymentPostprocessing = 0;
		};
/* End PBXResourcesBuildPhase section */

/* Begin PBXShellScriptBuildPhase section */
		08CA7B14A7CF204F3D315544 /* [CP] Embed Pods Frameworks */ = {
			isa = PBXShellScriptBuildPhase;
			buildActionMask = 2147483647;
			files = (
			);
			inputPaths = (
			);
			name = "[CP] Embed Pods Frameworks";
			outputPaths = (
			);
			runOnlyForDeploymentPostprocessing = 0;
			shellPath = /bin/sh;
			shellScript = "\"${SRCROOT}/Pods/Target Support Files/Pods-WalletInjectorTests/Pods-WalletInjectorTests-frameworks.sh\"\n";
			showEnvVarsInLog = 0;
		};
		3E7FB2556FFCA042530BDCA1 /* [CP] Check Pods Manifest.lock */ = {
			isa = PBXShellScriptBuildPhase;
			buildActionMask = 2147483647;
			files = (
			);
			inputPaths = (
				"${PODS_PODFILE_DIR_PATH}/Podfile.lock",
				"${PODS_ROOT}/Manifest.lock",
			);
			name = "[CP] Check Pods Manifest.lock";
			outputPaths = (
				"$(DERIVED_FILE_DIR)/Pods-WalletInjectorUITests-checkManifestLockResult.txt",
			);
			runOnlyForDeploymentPostprocessing = 0;
			shellPath = /bin/sh;
			shellScript = "diff \"${PODS_PODFILE_DIR_PATH}/Podfile.lock\" \"${PODS_ROOT}/Manifest.lock\" > /dev/null\nif [ $? != 0 ] ; then\n    # print error to STDERR\n    echo \"error: The sandbox is not in sync with the Podfile.lock. Run 'pod install' or update your CocoaPods installation.\" >&2\n    exit 1\nfi\n# This output is used by Xcode 'outputs' to avoid re-running this script phase.\necho \"SUCCESS\" > \"${SCRIPT_OUTPUT_FILE_0}\"\n";
			showEnvVarsInLog = 0;
		};
		42AE2E8BB91C3642149304B0 /* [CP] Copy Pods Resources */ = {
			isa = PBXShellScriptBuildPhase;
			buildActionMask = 2147483647;
			files = (
			);
			inputPaths = (
			);
			name = "[CP] Copy Pods Resources";
			outputPaths = (
			);
			runOnlyForDeploymentPostprocessing = 0;
			shellPath = /bin/sh;
			shellScript = "\"${SRCROOT}/Pods/Target Support Files/Pods-WalletInjectorUITests/Pods-WalletInjectorUITests-resources.sh\"\n";
			showEnvVarsInLog = 0;
		};
		50004B91A0B6F94E4FF40D3B /* [CP] Check Pods Manifest.lock */ = {
			isa = PBXShellScriptBuildPhase;
			buildActionMask = 2147483647;
			files = (
			);
			inputPaths = (
				"${PODS_PODFILE_DIR_PATH}/Podfile.lock",
				"${PODS_ROOT}/Manifest.lock",
			);
			name = "[CP] Check Pods Manifest.lock";
			outputPaths = (
				"$(DERIVED_FILE_DIR)/Pods-WalletInjectorTests-checkManifestLockResult.txt",
			);
			runOnlyForDeploymentPostprocessing = 0;
			shellPath = /bin/sh;
			shellScript = "diff \"${PODS_PODFILE_DIR_PATH}/Podfile.lock\" \"${PODS_ROOT}/Manifest.lock\" > /dev/null\nif [ $? != 0 ] ; then\n    # print error to STDERR\n    echo \"error: The sandbox is not in sync with the Podfile.lock. Run 'pod install' or update your CocoaPods installation.\" >&2\n    exit 1\nfi\n# This output is used by Xcode 'outputs' to avoid re-running this script phase.\necho \"SUCCESS\" > \"${SCRIPT_OUTPUT_FILE_0}\"\n";
			showEnvVarsInLog = 0;
		};
		689CB77EAABA8C8271378E07 /* [CP] Embed Pods Frameworks */ = {
			isa = PBXShellScriptBuildPhase;
			buildActionMask = 2147483647;
			files = (
			);
			inputPaths = (
			);
			name = "[CP] Embed Pods Frameworks";
			outputPaths = (
			);
			runOnlyForDeploymentPostprocessing = 0;
			shellPath = /bin/sh;
			shellScript = "\"${SRCROOT}/Pods/Target Support Files/Pods-WalletInjector/Pods-WalletInjector-frameworks.sh\"\n";
			showEnvVarsInLog = 0;
		};
		71E3C6C0B06308C54E0C0801 /* [CP] Copy Pods Resources */ = {
			isa = PBXShellScriptBuildPhase;
			buildActionMask = 2147483647;
			files = (
			);
			inputPaths = (
			);
			name = "[CP] Copy Pods Resources";
			outputPaths = (
			);
			runOnlyForDeploymentPostprocessing = 0;
			shellPath = /bin/sh;
			shellScript = "\"${SRCROOT}/Pods/Target Support Files/Pods-WalletInjectorTests/Pods-WalletInjectorTests-resources.sh\"\n";
			showEnvVarsInLog = 0;
		};
		73DDFF37B8E2BFED11BFEECE /* [CP] Embed Pods Frameworks */ = {
			isa = PBXShellScriptBuildPhase;
			buildActionMask = 2147483647;
			files = (
			);
			inputPaths = (
			);
			name = "[CP] Embed Pods Frameworks";
			outputPaths = (
			);
			runOnlyForDeploymentPostprocessing = 0;
			shellPath = /bin/sh;
			shellScript = "\"${SRCROOT}/Pods/Target Support Files/Pods-WalletInjectorUITests/Pods-WalletInjectorUITests-frameworks.sh\"\n";
			showEnvVarsInLog = 0;
		};
		8863B95320335A5300449D3B /* Run Script */ = {
			isa = PBXShellScriptBuildPhase;
			buildActionMask = 2147483647;
			files = (
			);
			inputPaths = (
				"$(SRCROOT)/Carthage/Build/iOS/Charts.framework",
				"$(SRCROOT)/Carthage/Build/iOS/Realm.framework",
				"$(SRCROOT)/Carthage/Build/iOS/RealmSwift.framework",
				"$(SRCROOT)/Carthage/Build/iOS/ChartsRealm.framework",
				"$(SRCROOT)/Carthage/Build/iOS/Moya.framework",
				"$(SRCROOT)/Carthage/Build/iOS/Result.framework",
				"$(SRCROOT)/Carthage/Build/iOS/ReactiveSwift.framework",
				"$(SRCROOT)/Carthage/Build/iOS/RxMoya.framework",
				"$(SRCROOT)/Carthage/Build/iOS/Alamofire.framework",
				"$(SRCROOT)/Carthage/Build/iOS/ReactiveMoya.framework",
				"$(SRCROOT)/Carthage/Build/iOS/RxCocoa.framework",
				"$(SRCROOT)/Carthage/Build/iOS/RxSwift.framework",
				"$(SRCROOT)/Carthage/Build/iOS/RxBlocking.framework",
				"$(SRCROOT)/Carthage/Build/iOS/Swinject.framework",
				"$(SRCROOT)/Carthage/Build/iOS/SwinjectStoryboard.framework",
				"$(SRCROOT)/Carthage/Build/iOS/CSV.framework",
				"$(SRCROOT)/Carthage/Build/iOS/XLPagerTabStrip.framework",
			);
			name = "Run Script";
			outputPaths = (
			);
			runOnlyForDeploymentPostprocessing = 0;
			shellPath = /bin/sh;
			shellScript = "/usr/local/bin/carthage copy-frameworks\n\nif which \"${PODS_ROOT}/SwiftLint/swiftlint\" >/dev/null; then\n  \"${PODS_ROOT}/SwiftLint/swiftlint\" autocorrect\n  \"${PODS_ROOT}/SwiftLint/swiftlint\"\nelse\n  echo \"warning: SwiftLint not installed, download from https://github.com/realm/SwiftLint\"\nfi";
		};
		B6D1AFDC8FD4FC29D94DF1C2 /* [CP] Check Pods Manifest.lock */ = {
			isa = PBXShellScriptBuildPhase;
			buildActionMask = 2147483647;
			files = (
			);
			inputPaths = (
				"${PODS_PODFILE_DIR_PATH}/Podfile.lock",
				"${PODS_ROOT}/Manifest.lock",
			);
			name = "[CP] Check Pods Manifest.lock";
			outputPaths = (
				"$(DERIVED_FILE_DIR)/Pods-WalletInjector-checkManifestLockResult.txt",
			);
			runOnlyForDeploymentPostprocessing = 0;
			shellPath = /bin/sh;
			shellScript = "diff \"${PODS_PODFILE_DIR_PATH}/Podfile.lock\" \"${PODS_ROOT}/Manifest.lock\" > /dev/null\nif [ $? != 0 ] ; then\n    # print error to STDERR\n    echo \"error: The sandbox is not in sync with the Podfile.lock. Run 'pod install' or update your CocoaPods installation.\" >&2\n    exit 1\nfi\n# This output is used by Xcode 'outputs' to avoid re-running this script phase.\necho \"SUCCESS\" > \"${SCRIPT_OUTPUT_FILE_0}\"\n";
			showEnvVarsInLog = 0;
		};
		DD7D42309550D5EAD1F55680 /* [CP] Copy Pods Resources */ = {
			isa = PBXShellScriptBuildPhase;
			buildActionMask = 2147483647;
			files = (
			);
			inputPaths = (
			);
			name = "[CP] Copy Pods Resources";
			outputPaths = (
			);
			runOnlyForDeploymentPostprocessing = 0;
			shellPath = /bin/sh;
			shellScript = "\"${SRCROOT}/Pods/Target Support Files/Pods-WalletInjector/Pods-WalletInjector-resources.sh\"\n";
			showEnvVarsInLog = 0;
		};
/* End PBXShellScriptBuildPhase section */

/* Begin PBXSourcesBuildPhase section */
		88DAC27720302B6F00874726 /* Sources */ = {
			isa = PBXSourcesBuildPhase;
			buildActionMask = 2147483647;
			files = (
				88DAC27F20302B6F00874726 /* AppDelegate.swift in Sources */,
				88492626203A072B00436860 /* Translator.swift in Sources */,
				88A12B83203B071D005E3360 /* CoincheckJPYProvider.swift in Sources */,
				88492628203A075600436860 /* TradeModelTranslator.swift in Sources */,
				8857FF462047F29D00B8B975 /* RootSlideViewController.swift in Sources */,
				88492622203A046600436860 /* TradeEntity.swift in Sources */,
				88DA4FDF2039B931002BF13E /* CoincheckJPYStore.swift in Sources */,
				8857FF4E204874A100B8B975 /* ForthViewController.swift in Sources */,
				8857FF58204874E300B8B975 /* EighthViewController.swift in Sources */,
				88DA4FDC2039ADBB002BF13E /* CoincheckJPYAPI.swift in Sources */,
				8857FF5A204874EB00B8B975 /* NinethViewController.swift in Sources */,
				8857FF4C20486EB000B8B975 /* ThirdViewController.swift in Sources */,
				886A98402039A5690057F6EE /* Swinject+Injector.swift in Sources */,
				886A983E2039A4390057F6EE /* SwinjectStoryboard+Injector.swift in Sources */,
				8857FF52204874C900B8B975 /* FifthViewController.swift in Sources */,
				88A12B8F203C0B23005E3360 /* ChartPresenter.swift in Sources */,
				88DAC2B120302D5900874726 /* RootTabBarController.swift in Sources */,
				88DAC2B320302D9D00874726 /* ChartViewController.swift in Sources */,
				88492620203A010300436860 /* CoincheckJPYRepo.swift in Sources */,
				88DAC2B520302DB600874726 /* SettingsViewController.swift in Sources */,
				8857FF4820486E7100B8B975 /* FirstViewController.swift in Sources */,
				88A12B92203C7A9C005E3360 /* CSVDecoder.swift in Sources */,
				88E4FED82046F74200E0DF58 /* ChartViewModel.swift in Sources */,
				8857FF4A20486E9F00B8B975 /* SecondViewController.swift in Sources */,
				88492624203A05BF00436860 /* CoincheckJPYUseCase.swift in Sources */,
				8849262A203A07DF00436860 /* TradeModel.swift in Sources */,
				8857FF56204874D800B8B975 /* SeventhViewController.swift in Sources */,
				8857FF54204874D000B8B975 /* SixthViewController.swift in Sources */,
				8857FF5C204874F100B8B975 /* TenthViewController.swift in Sources */,
			);
			runOnlyForDeploymentPostprocessing = 0;
		};
		88DAC28B20302B6F00874726 /* Sources */ = {
			isa = PBXSourcesBuildPhase;
			buildActionMask = 2147483647;
			files = (
				88DAC29420302B6F00874726 /* WalletInjectorTests.swift in Sources */,
			);
			runOnlyForDeploymentPostprocessing = 0;
		};
		88DAC29620302B6F00874726 /* Sources */ = {
			isa = PBXSourcesBuildPhase;
			buildActionMask = 2147483647;
			files = (
				88DAC29F20302B6F00874726 /* WalletInjectorUITests.swift in Sources */,
			);
			runOnlyForDeploymentPostprocessing = 0;
		};
/* End PBXSourcesBuildPhase section */

/* Begin PBXTargetDependency section */
		88DAC29120302B6F00874726 /* PBXTargetDependency */ = {
			isa = PBXTargetDependency;
			target = 88DAC27A20302B6F00874726 /* WalletInjector */;
			targetProxy = 88DAC29020302B6F00874726 /* PBXContainerItemProxy */;
		};
		88DAC29C20302B6F00874726 /* PBXTargetDependency */ = {
			isa = PBXTargetDependency;
			target = 88DAC27A20302B6F00874726 /* WalletInjector */;
			targetProxy = 88DAC29B20302B6F00874726 /* PBXContainerItemProxy */;
		};
/* End PBXTargetDependency section */

/* Begin PBXVariantGroup section */
		88DAC28220302B6F00874726 /* Main.storyboard */ = {
			isa = PBXVariantGroup;
			children = (
				88DAC28320302B6F00874726 /* Base */,
			);
			name = Main.storyboard;
			sourceTree = "<group>";
		};
		88DAC28720302B6F00874726 /* LaunchScreen.storyboard */ = {
			isa = PBXVariantGroup;
			children = (
				88DAC28820302B6F00874726 /* Base */,
			);
			name = LaunchScreen.storyboard;
			sourceTree = "<group>";
		};
/* End PBXVariantGroup section */

/* Begin XCBuildConfiguration section */
		88DAC2A120302B6F00874726 /* Debug */ = {
			isa = XCBuildConfiguration;
			buildSettings = {
				ALWAYS_SEARCH_USER_PATHS = NO;
				CLANG_ANALYZER_NONNULL = YES;
				CLANG_ANALYZER_NUMBER_OBJECT_CONVERSION = YES_AGGRESSIVE;
				CLANG_CXX_LANGUAGE_STANDARD = "gnu++14";
				CLANG_CXX_LIBRARY = "libc++";
				CLANG_ENABLE_MODULES = YES;
				CLANG_ENABLE_OBJC_ARC = YES;
				CLANG_WARN_BLOCK_CAPTURE_AUTORELEASING = YES;
				CLANG_WARN_BOOL_CONVERSION = YES;
				CLANG_WARN_COMMA = YES;
				CLANG_WARN_CONSTANT_CONVERSION = YES;
				CLANG_WARN_DIRECT_OBJC_ISA_USAGE = YES_ERROR;
				CLANG_WARN_DOCUMENTATION_COMMENTS = YES;
				CLANG_WARN_EMPTY_BODY = YES;
				CLANG_WARN_ENUM_CONVERSION = YES;
				CLANG_WARN_INFINITE_RECURSION = YES;
				CLANG_WARN_INT_CONVERSION = YES;
				CLANG_WARN_NON_LITERAL_NULL_CONVERSION = YES;
				CLANG_WARN_OBJC_LITERAL_CONVERSION = YES;
				CLANG_WARN_OBJC_ROOT_CLASS = YES_ERROR;
				CLANG_WARN_RANGE_LOOP_ANALYSIS = YES;
				CLANG_WARN_STRICT_PROTOTYPES = YES;
				CLANG_WARN_SUSPICIOUS_MOVE = YES;
				CLANG_WARN_UNGUARDED_AVAILABILITY = YES_AGGRESSIVE;
				CLANG_WARN_UNREACHABLE_CODE = YES;
				CLANG_WARN__DUPLICATE_METHOD_MATCH = YES;
				CODE_SIGN_IDENTITY = "iPhone Developer";
				COPY_PHASE_STRIP = NO;
				DEBUG_INFORMATION_FORMAT = dwarf;
				ENABLE_STRICT_OBJC_MSGSEND = YES;
				ENABLE_TESTABILITY = YES;
				GCC_C_LANGUAGE_STANDARD = gnu11;
				GCC_DYNAMIC_NO_PIC = NO;
				GCC_NO_COMMON_BLOCKS = YES;
				GCC_OPTIMIZATION_LEVEL = 0;
				GCC_PREPROCESSOR_DEFINITIONS = (
					"DEBUG=1",
					"$(inherited)",
				);
				GCC_WARN_64_TO_32_BIT_CONVERSION = YES;
				GCC_WARN_ABOUT_RETURN_TYPE = YES_ERROR;
				GCC_WARN_UNDECLARED_SELECTOR = YES;
				GCC_WARN_UNINITIALIZED_AUTOS = YES_AGGRESSIVE;
				GCC_WARN_UNUSED_FUNCTION = YES;
				GCC_WARN_UNUSED_VARIABLE = YES;
				IPHONEOS_DEPLOYMENT_TARGET = 11.2;
				MTL_ENABLE_DEBUG_INFO = YES;
				ONLY_ACTIVE_ARCH = YES;
				SDKROOT = iphoneos;
				SWIFT_ACTIVE_COMPILATION_CONDITIONS = DEBUG;
				SWIFT_OPTIMIZATION_LEVEL = "-Onone";
			};
			name = Debug;
		};
		88DAC2A220302B6F00874726 /* Release */ = {
			isa = XCBuildConfiguration;
			buildSettings = {
				ALWAYS_SEARCH_USER_PATHS = NO;
				CLANG_ANALYZER_NONNULL = YES;
				CLANG_ANALYZER_NUMBER_OBJECT_CONVERSION = YES_AGGRESSIVE;
				CLANG_CXX_LANGUAGE_STANDARD = "gnu++14";
				CLANG_CXX_LIBRARY = "libc++";
				CLANG_ENABLE_MODULES = YES;
				CLANG_ENABLE_OBJC_ARC = YES;
				CLANG_WARN_BLOCK_CAPTURE_AUTORELEASING = YES;
				CLANG_WARN_BOOL_CONVERSION = YES;
				CLANG_WARN_COMMA = YES;
				CLANG_WARN_CONSTANT_CONVERSION = YES;
				CLANG_WARN_DIRECT_OBJC_ISA_USAGE = YES_ERROR;
				CLANG_WARN_DOCUMENTATION_COMMENTS = YES;
				CLANG_WARN_EMPTY_BODY = YES;
				CLANG_WARN_ENUM_CONVERSION = YES;
				CLANG_WARN_INFINITE_RECURSION = YES;
				CLANG_WARN_INT_CONVERSION = YES;
				CLANG_WARN_NON_LITERAL_NULL_CONVERSION = YES;
				CLANG_WARN_OBJC_LITERAL_CONVERSION = YES;
				CLANG_WARN_OBJC_ROOT_CLASS = YES_ERROR;
				CLANG_WARN_RANGE_LOOP_ANALYSIS = YES;
				CLANG_WARN_STRICT_PROTOTYPES = YES;
				CLANG_WARN_SUSPICIOUS_MOVE = YES;
				CLANG_WARN_UNGUARDED_AVAILABILITY = YES_AGGRESSIVE;
				CLANG_WARN_UNREACHABLE_CODE = YES;
				CLANG_WARN__DUPLICATE_METHOD_MATCH = YES;
				CODE_SIGN_IDENTITY = "iPhone Developer";
				COPY_PHASE_STRIP = NO;
				DEBUG_INFORMATION_FORMAT = "dwarf-with-dsym";
				ENABLE_NS_ASSERTIONS = NO;
				ENABLE_STRICT_OBJC_MSGSEND = YES;
				GCC_C_LANGUAGE_STANDARD = gnu11;
				GCC_NO_COMMON_BLOCKS = YES;
				GCC_WARN_64_TO_32_BIT_CONVERSION = YES;
				GCC_WARN_ABOUT_RETURN_TYPE = YES_ERROR;
				GCC_WARN_UNDECLARED_SELECTOR = YES;
				GCC_WARN_UNINITIALIZED_AUTOS = YES_AGGRESSIVE;
				GCC_WARN_UNUSED_FUNCTION = YES;
				GCC_WARN_UNUSED_VARIABLE = YES;
				IPHONEOS_DEPLOYMENT_TARGET = 11.2;
				MTL_ENABLE_DEBUG_INFO = NO;
				SDKROOT = iphoneos;
				SWIFT_OPTIMIZATION_LEVEL = "-Owholemodule";
				VALIDATE_PRODUCT = YES;
			};
			name = Release;
		};
		88DAC2A420302B6F00874726 /* Debug */ = {
			isa = XCBuildConfiguration;
			baseConfigurationReference = 38D7C07311D8B1AE23699741 /* Pods-WalletInjector.debug.xcconfig */;
			buildSettings = {
				ASSETCATALOG_COMPILER_APPICON_NAME = AppIcon;
				CODE_SIGN_STYLE = Automatic;
				DEVELOPMENT_TEAM = B9QFL4ZF2R;
				FRAMEWORK_SEARCH_PATHS = (
					"$(inherited)",
					"$(PROJECT_DIR)/Carthage/Build/iOS",
				);
				INFOPLIST_FILE = WalletInjector/Info.plist;
				LD_RUNPATH_SEARCH_PATHS = "$(inherited) @executable_path/Frameworks";
				PRODUCT_BUNDLE_IDENTIFIER = it.ikeikeikeike.WalletInjector;
				PRODUCT_NAME = "$(TARGET_NAME)";
				SWIFT_VERSION = 4.0;
				TARGETED_DEVICE_FAMILY = "1,2";
			};
			name = Debug;
		};
		88DAC2A520302B6F00874726 /* Release */ = {
			isa = XCBuildConfiguration;
			baseConfigurationReference = A101EFBA6074C88D7FAD79B3 /* Pods-WalletInjector.release.xcconfig */;
			buildSettings = {
				ASSETCATALOG_COMPILER_APPICON_NAME = AppIcon;
				CODE_SIGN_STYLE = Automatic;
				DEVELOPMENT_TEAM = B9QFL4ZF2R;
				FRAMEWORK_SEARCH_PATHS = (
					"$(inherited)",
					"$(PROJECT_DIR)/Carthage/Build/iOS",
				);
				INFOPLIST_FILE = WalletInjector/Info.plist;
				LD_RUNPATH_SEARCH_PATHS = "$(inherited) @executable_path/Frameworks";
				PRODUCT_BUNDLE_IDENTIFIER = it.ikeikeikeike.WalletInjector;
				PRODUCT_NAME = "$(TARGET_NAME)";
				SWIFT_VERSION = 4.0;
				TARGETED_DEVICE_FAMILY = "1,2";
			};
			name = Release;
		};
		88DAC2A720302B6F00874726 /* Debug */ = {
			isa = XCBuildConfiguration;
			baseConfigurationReference = 89E9D8DFCE3C78184AFA1345 /* Pods-WalletInjectorTests.debug.xcconfig */;
			buildSettings = {
				ALWAYS_EMBED_SWIFT_STANDARD_LIBRARIES = YES;
				BUNDLE_LOADER = "$(TEST_HOST)";
				CODE_SIGN_STYLE = Automatic;
				INFOPLIST_FILE = WalletInjectorTests/Info.plist;
				LD_RUNPATH_SEARCH_PATHS = "$(inherited) @executable_path/Frameworks @loader_path/Frameworks";
				PRODUCT_BUNDLE_IDENTIFIER = it.ikeikeikeike.WalletInjectorTests;
				PRODUCT_NAME = "$(TARGET_NAME)";
				SWIFT_VERSION = 4.0;
				TARGETED_DEVICE_FAMILY = "1,2";
				TEST_HOST = "$(BUILT_PRODUCTS_DIR)/WalletInjector.app/WalletInjector";
			};
			name = Debug;
		};
		88DAC2A820302B6F00874726 /* Release */ = {
			isa = XCBuildConfiguration;
			baseConfigurationReference = 39485864D08DDAC57E6C4200 /* Pods-WalletInjectorTests.release.xcconfig */;
			buildSettings = {
				ALWAYS_EMBED_SWIFT_STANDARD_LIBRARIES = YES;
				BUNDLE_LOADER = "$(TEST_HOST)";
				CODE_SIGN_STYLE = Automatic;
				INFOPLIST_FILE = WalletInjectorTests/Info.plist;
				LD_RUNPATH_SEARCH_PATHS = "$(inherited) @executable_path/Frameworks @loader_path/Frameworks";
				PRODUCT_BUNDLE_IDENTIFIER = it.ikeikeikeike.WalletInjectorTests;
				PRODUCT_NAME = "$(TARGET_NAME)";
				SWIFT_VERSION = 4.0;
				TARGETED_DEVICE_FAMILY = "1,2";
				TEST_HOST = "$(BUILT_PRODUCTS_DIR)/WalletInjector.app/WalletInjector";
			};
			name = Release;
		};
		88DAC2AA20302B6F00874726 /* Debug */ = {
			isa = XCBuildConfiguration;
			baseConfigurationReference = A36C6796DB419E3A4F50F654 /* Pods-WalletInjectorUITests.debug.xcconfig */;
			buildSettings = {
				ALWAYS_EMBED_SWIFT_STANDARD_LIBRARIES = YES;
				CODE_SIGN_STYLE = Automatic;
				INFOPLIST_FILE = WalletInjectorUITests/Info.plist;
				LD_RUNPATH_SEARCH_PATHS = "$(inherited) @executable_path/Frameworks @loader_path/Frameworks";
				PRODUCT_BUNDLE_IDENTIFIER = it.ikeikeikeike.WalletInjectorUITests;
				PRODUCT_NAME = "$(TARGET_NAME)";
				SWIFT_VERSION = 4.0;
				TARGETED_DEVICE_FAMILY = "1,2";
				TEST_TARGET_NAME = WalletInjector;
			};
			name = Debug;
		};
		88DAC2AB20302B6F00874726 /* Release */ = {
			isa = XCBuildConfiguration;
			baseConfigurationReference = 5FB056B6E81AD29DDE824F3D /* Pods-WalletInjectorUITests.release.xcconfig */;
			buildSettings = {
				ALWAYS_EMBED_SWIFT_STANDARD_LIBRARIES = YES;
				CODE_SIGN_STYLE = Automatic;
				INFOPLIST_FILE = WalletInjectorUITests/Info.plist;
				LD_RUNPATH_SEARCH_PATHS = "$(inherited) @executable_path/Frameworks @loader_path/Frameworks";
				PRODUCT_BUNDLE_IDENTIFIER = it.ikeikeikeike.WalletInjectorUITests;
				PRODUCT_NAME = "$(TARGET_NAME)";
				SWIFT_VERSION = 4.0;
				TARGETED_DEVICE_FAMILY = "1,2";
				TEST_TARGET_NAME = WalletInjector;
			};
			name = Release;
		};
/* End XCBuildConfiguration section */

/* Begin XCConfigurationList section */
		88DAC27620302B6F00874726 /* Build configuration list for PBXProject "WalletInjector" */ = {
			isa = XCConfigurationList;
			buildConfigurations = (
				88DAC2A120302B6F00874726 /* Debug */,
				88DAC2A220302B6F00874726 /* Release */,
			);
			defaultConfigurationIsVisible = 0;
			defaultConfigurationName = Release;
		};
		88DAC2A320302B6F00874726 /* Build configuration list for PBXNativeTarget "WalletInjector" */ = {
			isa = XCConfigurationList;
			buildConfigurations = (
				88DAC2A420302B6F00874726 /* Debug */,
				88DAC2A520302B6F00874726 /* Release */,
			);
			defaultConfigurationIsVisible = 0;
			defaultConfigurationName = Release;
		};
		88DAC2A620302B6F00874726 /* Build configuration list for PBXNativeTarget "WalletInjectorTests" */ = {
			isa = XCConfigurationList;
			buildConfigurations = (
				88DAC2A720302B6F00874726 /* Debug */,
				88DAC2A820302B6F00874726 /* Release */,
			);
			defaultConfigurationIsVisible = 0;
			defaultConfigurationName = Release;
		};
		88DAC2A920302B6F00874726 /* Build configuration list for PBXNativeTarget "WalletInjectorUITests" */ = {
			isa = XCConfigurationList;
			buildConfigurations = (
				88DAC2AA20302B6F00874726 /* Debug */,
				88DAC2AB20302B6F00874726 /* Release */,
			);
			defaultConfigurationIsVisible = 0;
			defaultConfigurationName = Release;
		};
/* End XCConfigurationList section */
	};
	rootObject = 88DAC27320302B6F00874726 /* Project object */;
}
