// !$*UTF8*$!
{
	archiveVersion = 1;
	classes = {
	};
	objectVersion = 48;
	objects = {

/* Begin PBXBuildFile section */
		8801B10120628D9500443CA3 /* AViewController.swift in Sources */ = {isa = PBXBuildFile; fileRef = 8801B10020628D9500443CA3 /* AViewController.swift */; };
		8801B10520628DE300443CA3 /* BViewController.swift in Sources */ = {isa = PBXBuildFile; fileRef = 8801B10420628DE300443CA3 /* BViewController.swift */; };
		8801B10720628DE900443CA3 /* CViewController.swift in Sources */ = {isa = PBXBuildFile; fileRef = 8801B10620628DE900443CA3 /* CViewController.swift */; };
		8801B1092062914500443CA3 /* ABViewController.swift in Sources */ = {isa = PBXBuildFile; fileRef = 8801B1082062914500443CA3 /* ABViewController.swift */; };
		8801B10B2062914D00443CA3 /* AAViewController.swift in Sources */ = {isa = PBXBuildFile; fileRef = 8801B10A2062914D00443CA3 /* AAViewController.swift */; };
		880651A2206CCE750060D293 /* DUpdater.storyboard in Resources */ = {isa = PBXBuildFile; fileRef = 880651A1206CCE750060D293 /* DUpdater.storyboard */; };
		880651A4206CD2B80060D293 /* DUpdaterTableViewController.swift in Sources */ = {isa = PBXBuildFile; fileRef = 880651A3206CD2B80060D293 /* DUpdaterTableViewController.swift */; };
		88524FDA20628A5000CFEAB2 /* Compass.framework in Frameworks */ = {isa = PBXBuildFile; fileRef = 88524FD920628A5000CFEAB2 /* Compass.framework */; };
		88524FDE20628C4700CFEAB2 /* Routes+UIViewController.swift in Sources */ = {isa = PBXBuildFile; fileRef = 88524FDD20628C4700CFEAB2 /* Routes+UIViewController.swift */; };
		88AB60EB2062D43C0083536B /* DViewController.swift in Sources */ = {isa = PBXBuildFile; fileRef = 88AB60EA2062D43C0083536B /* DViewController.swift */; };
		88AB60F22062D7600083536B /* D.storyboard in Resources */ = {isa = PBXBuildFile; fileRef = 88AB60F12062D7600083536B /* D.storyboard */; };
		88AB60F52062F39E0083536B /* Routes.swift in Sources */ = {isa = PBXBuildFile; fileRef = 88AB60F42062F39E0083536B /* Routes.swift */; };
		88D5A51B205EA89600D4EE4B /* AppDelegate.swift in Sources */ = {isa = PBXBuildFile; fileRef = 88D5A51A205EA89600D4EE4B /* AppDelegate.swift */; };
		88D5A520205EA89600D4EE4B /* Main.storyboard in Resources */ = {isa = PBXBuildFile; fileRef = 88D5A51E205EA89600D4EE4B /* Main.storyboard */; };
		88D5A522205EA89600D4EE4B /* Assets.xcassets in Resources */ = {isa = PBXBuildFile; fileRef = 88D5A521205EA89600D4EE4B /* Assets.xcassets */; };
		88D5A525205EA89600D4EE4B /* LaunchScreen.storyboard in Resources */ = {isa = PBXBuildFile; fileRef = 88D5A523205EA89600D4EE4B /* LaunchScreen.storyboard */; };
		88D5A530205EA89600D4EE4B /* PracticeDesignTests.swift in Sources */ = {isa = PBXBuildFile; fileRef = 88D5A52F205EA89600D4EE4B /* PracticeDesignTests.swift */; };
		88D5A53B205EA89600D4EE4B /* PracticeDesignUITests.swift in Sources */ = {isa = PBXBuildFile; fileRef = 88D5A53A205EA89600D4EE4B /* PracticeDesignUITests.swift */; };
		88D5A54A205EA9AC00D4EE4B /* A.storyboard in Resources */ = {isa = PBXBuildFile; fileRef = 88D5A549205EA9AC00D4EE4B /* A.storyboard */; };
		88D5A54C205EA9B500D4EE4B /* B.storyboard in Resources */ = {isa = PBXBuildFile; fileRef = 88D5A54B205EA9B500D4EE4B /* B.storyboard */; };
		88D5A54E205EA9B900D4EE4B /* C.storyboard in Resources */ = {isa = PBXBuildFile; fileRef = 88D5A54D205EA9B900D4EE4B /* C.storyboard */; };
		88D5A55A205EB66000D4EE4B /* AItem.storyboard in Resources */ = {isa = PBXBuildFile; fileRef = 88D5A559205EB66000D4EE4B /* AItem.storyboard */; };
		88D5A55C205EB6C500D4EE4B /* AA.storyboard in Resources */ = {isa = PBXBuildFile; fileRef = 88D5A55B205EB6C500D4EE4B /* AA.storyboard */; };
		88D5A55E205EB6FA00D4EE4B /* AB.storyboard in Resources */ = {isa = PBXBuildFile; fileRef = 88D5A55D205EB6FA00D4EE4B /* AB.storyboard */; };
/* End PBXBuildFile section */

/* Begin PBXContainerItemProxy section */
		88D5A52C205EA89600D4EE4B /* PBXContainerItemProxy */ = {
			isa = PBXContainerItemProxy;
			containerPortal = 88D5A50F205EA89600D4EE4B /* Project object */;
			proxyType = 1;
			remoteGlobalIDString = 88D5A516205EA89600D4EE4B;
			remoteInfo = PracticeDesign;
		};
		88D5A537205EA89600D4EE4B /* PBXContainerItemProxy */ = {
			isa = PBXContainerItemProxy;
			containerPortal = 88D5A50F205EA89600D4EE4B /* Project object */;
			proxyType = 1;
			remoteGlobalIDString = 88D5A516205EA89600D4EE4B;
			remoteInfo = PracticeDesign;
		};
/* End PBXContainerItemProxy section */

/* Begin PBXFileReference section */
		8801B10020628D9500443CA3 /* AViewController.swift */ = {isa = PBXFileReference; lastKnownFileType = sourcecode.swift; path = AViewController.swift; sourceTree = "<group>"; };
		8801B10420628DE300443CA3 /* BViewController.swift */ = {isa = PBXFileReference; lastKnownFileType = sourcecode.swift; path = BViewController.swift; sourceTree = "<group>"; };
		8801B10620628DE900443CA3 /* CViewController.swift */ = {isa = PBXFileReference; lastKnownFileType = sourcecode.swift; path = CViewController.swift; sourceTree = "<group>"; };
		8801B1082062914500443CA3 /* ABViewController.swift */ = {isa = PBXFileReference; lastKnownFileType = sourcecode.swift; path = ABViewController.swift; sourceTree = "<group>"; };
		8801B10A2062914D00443CA3 /* AAViewController.swift */ = {isa = PBXFileReference; lastKnownFileType = sourcecode.swift; path = AAViewController.swift; sourceTree = "<group>"; };
		880651A1206CCE750060D293 /* DUpdater.storyboard */ = {isa = PBXFileReference; fileEncoding = 4; lastKnownFileType = file.storyboard; path = DUpdater.storyboard; sourceTree = "<group>"; };
		880651A3206CD2B80060D293 /* DUpdaterTableViewController.swift */ = {isa = PBXFileReference; lastKnownFileType = sourcecode.swift; path = DUpdaterTableViewController.swift; sourceTree = "<group>"; };
		88524FD920628A5000CFEAB2 /* Compass.framework */ = {isa = PBXFileReference; lastKnownFileType = wrapper.framework; name = Compass.framework; path = Carthage/Build/iOS/Compass.framework; sourceTree = "<group>"; };
		88524FDD20628C4700CFEAB2 /* Routes+UIViewController.swift */ = {isa = PBXFileReference; lastKnownFileType = sourcecode.swift; path = "Routes+UIViewController.swift"; sourceTree = "<group>"; };
		88AB60EA2062D43C0083536B /* DViewController.swift */ = {isa = PBXFileReference; lastKnownFileType = sourcecode.swift; path = DViewController.swift; sourceTree = "<group>"; };
		88AB60F12062D7600083536B /* D.storyboard */ = {isa = PBXFileReference; fileEncoding = 4; lastKnownFileType = file.storyboard; path = D.storyboard; sourceTree = "<group>"; };
		88AB60F42062F39E0083536B /* Routes.swift */ = {isa = PBXFileReference; lastKnownFileType = sourcecode.swift; path = Routes.swift; sourceTree = "<group>"; };
		88D5A517205EA89600D4EE4B /* PracticeDesign.app */ = {isa = PBXFileReference; explicitFileType = wrapper.application; includeInIndex = 0; path = PracticeDesign.app; sourceTree = BUILT_PRODUCTS_DIR; };
		88D5A51A205EA89600D4EE4B /* AppDelegate.swift */ = {isa = PBXFileReference; lastKnownFileType = sourcecode.swift; path = AppDelegate.swift; sourceTree = "<group>"; };
		88D5A51F205EA89600D4EE4B /* Base */ = {isa = PBXFileReference; lastKnownFileType = file.storyboard; name = Base; path = Base.lproj/Main.storyboard; sourceTree = "<group>"; };
		88D5A521205EA89600D4EE4B /* Assets.xcassets */ = {isa = PBXFileReference; lastKnownFileType = folder.assetcatalog; path = Assets.xcassets; sourceTree = "<group>"; };
		88D5A524205EA89600D4EE4B /* Base */ = {isa = PBXFileReference; lastKnownFileType = file.storyboard; name = Base; path = Base.lproj/LaunchScreen.storyboard; sourceTree = "<group>"; };
		88D5A526205EA89600D4EE4B /* Info.plist */ = {isa = PBXFileReference; lastKnownFileType = text.plist.xml; path = Info.plist; sourceTree = "<group>"; };
		88D5A52B205EA89600D4EE4B /* PracticeDesignTests.xctest */ = {isa = PBXFileReference; explicitFileType = wrapper.cfbundle; includeInIndex = 0; path = PracticeDesignTests.xctest; sourceTree = BUILT_PRODUCTS_DIR; };
		88D5A52F205EA89600D4EE4B /* PracticeDesignTests.swift */ = {isa = PBXFileReference; lastKnownFileType = sourcecode.swift; path = PracticeDesignTests.swift; sourceTree = "<group>"; };
		88D5A531205EA89600D4EE4B /* Info.plist */ = {isa = PBXFileReference; lastKnownFileType = text.plist.xml; path = Info.plist; sourceTree = "<group>"; };
		88D5A536205EA89600D4EE4B /* PracticeDesignUITests.xctest */ = {isa = PBXFileReference; explicitFileType = wrapper.cfbundle; includeInIndex = 0; path = PracticeDesignUITests.xctest; sourceTree = BUILT_PRODUCTS_DIR; };
		88D5A53A205EA89600D4EE4B /* PracticeDesignUITests.swift */ = {isa = PBXFileReference; lastKnownFileType = sourcecode.swift; path = PracticeDesignUITests.swift; sourceTree = "<group>"; };
		88D5A53C205EA89600D4EE4B /* Info.plist */ = {isa = PBXFileReference; lastKnownFileType = text.plist.xml; path = Info.plist; sourceTree = "<group>"; };
		88D5A549205EA9AC00D4EE4B /* A.storyboard */ = {isa = PBXFileReference; lastKnownFileType = file.storyboard; path = A.storyboard; sourceTree = "<group>"; };
		88D5A54B205EA9B500D4EE4B /* B.storyboard */ = {isa = PBXFileReference; lastKnownFileType = file.storyboard; path = B.storyboard; sourceTree = "<group>"; };
		88D5A54D205EA9B900D4EE4B /* C.storyboard */ = {isa = PBXFileReference; lastKnownFileType = file.storyboard; path = C.storyboard; sourceTree = "<group>"; };
		88D5A559205EB66000D4EE4B /* AItem.storyboard */ = {isa = PBXFileReference; fileEncoding = 4; lastKnownFileType = file.storyboard; path = AItem.storyboard; sourceTree = "<group>"; };
		88D5A55B205EB6C500D4EE4B /* AA.storyboard */ = {isa = PBXFileReference; fileEncoding = 4; lastKnownFileType = file.storyboard; path = AA.storyboard; sourceTree = "<group>"; };
		88D5A55D205EB6FA00D4EE4B /* AB.storyboard */ = {isa = PBXFileReference; fileEncoding = 4; lastKnownFileType = file.storyboard; path = AB.storyboard; sourceTree = "<group>"; };
/* End PBXFileReference section */

/* Begin PBXFrameworksBuildPhase section */
		88D5A514205EA89600D4EE4B /* Frameworks */ = {
			isa = PBXFrameworksBuildPhase;
			buildActionMask = 2147483647;
			files = (
				88524FDA20628A5000CFEAB2 /* Compass.framework in Frameworks */,
			);
			runOnlyForDeploymentPostprocessing = 0;
		};
		88D5A528205EA89600D4EE4B /* Frameworks */ = {
			isa = PBXFrameworksBuildPhase;
			buildActionMask = 2147483647;
			files = (
			);
			runOnlyForDeploymentPostprocessing = 0;
		};
		88D5A533205EA89600D4EE4B /* Frameworks */ = {
			isa = PBXFrameworksBuildPhase;
			buildActionMask = 2147483647;
			files = (
			);
			runOnlyForDeploymentPostprocessing = 0;
		};
/* End PBXFrameworksBuildPhase section */

/* Begin PBXGroup section */
		8806519C206CC8390060D293 /* Client */ = {
			isa = PBXGroup;
			children = (
			);
			path = Client;
			sourceTree = "<group>";
		};
		88524FD820628A5000CFEAB2 /* Frameworks */ = {
			isa = PBXGroup;
			children = (
				88524FD920628A5000CFEAB2 /* Compass.framework */,
			);
			name = Frameworks;
			sourceTree = "<group>";
		};
		88524FDC20628BF000CFEAB2 /* View */ = {
			isa = PBXGroup;
			children = (
				8801B10020628D9500443CA3 /* AViewController.swift */,
				8801B10A2062914D00443CA3 /* AAViewController.swift */,
				8801B1082062914500443CA3 /* ABViewController.swift */,
				8801B10420628DE300443CA3 /* BViewController.swift */,
				8801B10620628DE900443CA3 /* CViewController.swift */,
				88AB60EA2062D43C0083536B /* DViewController.swift */,
				880651A3206CD2B80060D293 /* DUpdaterTableViewController.swift */,
			);
			path = View;
			sourceTree = "<group>";
		};
		88AB60F32062F3680083536B /* Routes */ = {
			isa = PBXGroup;
			children = (
				88AB60F42062F39E0083536B /* Routes.swift */,
				88524FDD20628C4700CFEAB2 /* Routes+UIViewController.swift */,
			);
			path = Routes;
			sourceTree = "<group>";
		};
		88D5A50E205EA89600D4EE4B = {
			isa = PBXGroup;
			children = (
				88D5A519205EA89600D4EE4B /* PracticeDesign */,
				88D5A52E205EA89600D4EE4B /* PracticeDesignTests */,
				88D5A539205EA89600D4EE4B /* PracticeDesignUITests */,
				88D5A518205EA89600D4EE4B /* Products */,
				88524FD820628A5000CFEAB2 /* Frameworks */,
			);
			sourceTree = "<group>";
		};
		88D5A518205EA89600D4EE4B /* Products */ = {
			isa = PBXGroup;
			children = (
				88D5A517205EA89600D4EE4B /* PracticeDesign.app */,
				88D5A52B205EA89600D4EE4B /* PracticeDesignTests.xctest */,
				88D5A536205EA89600D4EE4B /* PracticeDesignUITests.xctest */,
			);
			name = Products;
			sourceTree = "<group>";
		};
		88D5A519205EA89600D4EE4B /* PracticeDesign */ = {
			isa = PBXGroup;
			children = (
				8806519C206CC8390060D293 /* Client */,
				88AB60F32062F3680083536B /* Routes */,
				88524FDC20628BF000CFEAB2 /* View */,
				88D5A548205EA97B00D4EE4B /* Storyboard */,
				88D5A51A205EA89600D4EE4B /* AppDelegate.swift */,
				88D5A521205EA89600D4EE4B /* Assets.xcassets */,
				88D5A523205EA89600D4EE4B /* LaunchScreen.storyboard */,
				88D5A526205EA89600D4EE4B /* Info.plist */,
			);
			path = PracticeDesign;
			sourceTree = "<group>";
		};
		88D5A52E205EA89600D4EE4B /* PracticeDesignTests */ = {
			isa = PBXGroup;
			children = (
				88D5A52F205EA89600D4EE4B /* PracticeDesignTests.swift */,
				88D5A531205EA89600D4EE4B /* Info.plist */,
			);
			path = PracticeDesignTests;
			sourceTree = "<group>";
		};
		88D5A539205EA89600D4EE4B /* PracticeDesignUITests */ = {
			isa = PBXGroup;
			children = (
				88D5A53A205EA89600D4EE4B /* PracticeDesignUITests.swift */,
				88D5A53C205EA89600D4EE4B /* Info.plist */,
			);
			path = PracticeDesignUITests;
			sourceTree = "<group>";
		};
		88D5A548205EA97B00D4EE4B /* Storyboard */ = {
			isa = PBXGroup;
			children = (
				88D5A51E205EA89600D4EE4B /* Main.storyboard */,
				88D5A549205EA9AC00D4EE4B /* A.storyboard */,
				88D5A55B205EB6C500D4EE4B /* AA.storyboard */,
				88D5A55D205EB6FA00D4EE4B /* AB.storyboard */,
				88D5A559205EB66000D4EE4B /* AItem.storyboard */,
				88D5A54B205EA9B500D4EE4B /* B.storyboard */,
				88D5A54D205EA9B900D4EE4B /* C.storyboard */,
				88AB60F12062D7600083536B /* D.storyboard */,
				880651A1206CCE750060D293 /* DUpdater.storyboard */,
			);
			path = Storyboard;
			sourceTree = "<group>";
		};
/* End PBXGroup section */

/* Begin PBXNativeTarget section */
		88D5A516205EA89600D4EE4B /* PracticeDesign */ = {
			isa = PBXNativeTarget;
			buildConfigurationList = 88D5A53F205EA89600D4EE4B /* Build configuration list for PBXNativeTarget "PracticeDesign" */;
			buildPhases = (
				88D5A513205EA89600D4EE4B /* Sources */,
				88D5A514205EA89600D4EE4B /* Frameworks */,
				88D5A515205EA89600D4EE4B /* Resources */,
				88524FDB20628A8B00CFEAB2 /* ShellScript */,
			);
			buildRules = (
			);
			dependencies = (
			);
			name = PracticeDesign;
			productName = PracticeDesign;
			productReference = 88D5A517205EA89600D4EE4B /* PracticeDesign.app */;
			productType = "com.apple.product-type.application";
		};
		88D5A52A205EA89600D4EE4B /* PracticeDesignTests */ = {
			isa = PBXNativeTarget;
			buildConfigurationList = 88D5A542205EA89600D4EE4B /* Build configuration list for PBXNativeTarget "PracticeDesignTests" */;
			buildPhases = (
				88D5A527205EA89600D4EE4B /* Sources */,
				88D5A528205EA89600D4EE4B /* Frameworks */,
				88D5A529205EA89600D4EE4B /* Resources */,
			);
			buildRules = (
			);
			dependencies = (
				88D5A52D205EA89600D4EE4B /* PBXTargetDependency */,
			);
			name = PracticeDesignTests;
			productName = PracticeDesignTests;
			productReference = 88D5A52B205EA89600D4EE4B /* PracticeDesignTests.xctest */;
			productType = "com.apple.product-type.bundle.unit-test";
		};
		88D5A535205EA89600D4EE4B /* PracticeDesignUITests */ = {
			isa = PBXNativeTarget;
			buildConfigurationList = 88D5A545205EA89600D4EE4B /* Build configuration list for PBXNativeTarget "PracticeDesignUITests" */;
			buildPhases = (
				88D5A532205EA89600D4EE4B /* Sources */,
				88D5A533205EA89600D4EE4B /* Frameworks */,
				88D5A534205EA89600D4EE4B /* Resources */,
			);
			buildRules = (
			);
			dependencies = (
				88D5A538205EA89600D4EE4B /* PBXTargetDependency */,
			);
			name = PracticeDesignUITests;
			productName = PracticeDesignUITests;
			productReference = 88D5A536205EA89600D4EE4B /* PracticeDesignUITests.xctest */;
			productType = "com.apple.product-type.bundle.ui-testing";
		};
/* End PBXNativeTarget section */

/* Begin PBXProject section */
		88D5A50F205EA89600D4EE4B /* Project object */ = {
			isa = PBXProject;
			attributes = {
				LastSwiftUpdateCheck = 0920;
				LastUpgradeCheck = 0920;
				ORGANIZATIONNAME = "Tatsuo Ikeda";
				TargetAttributes = {
					88D5A516205EA89600D4EE4B = {
						CreatedOnToolsVersion = 9.2;
						ProvisioningStyle = Automatic;
					};
					88D5A52A205EA89600D4EE4B = {
						CreatedOnToolsVersion = 9.2;
						ProvisioningStyle = Automatic;
						TestTargetID = 88D5A516205EA89600D4EE4B;
					};
					88D5A535205EA89600D4EE4B = {
						CreatedOnToolsVersion = 9.2;
						ProvisioningStyle = Automatic;
						TestTargetID = 88D5A516205EA89600D4EE4B;
					};
				};
			};
			buildConfigurationList = 88D5A512205EA89600D4EE4B /* Build configuration list for PBXProject "PracticeDesign" */;
			compatibilityVersion = "Xcode 8.0";
			developmentRegion = en;
			hasScannedForEncodings = 0;
			knownRegions = (
				en,
				Base,
			);
			mainGroup = 88D5A50E205EA89600D4EE4B;
			productRefGroup = 88D5A518205EA89600D4EE4B /* Products */;
			projectDirPath = "";
			projectRoot = "";
			targets = (
				88D5A516205EA89600D4EE4B /* PracticeDesign */,
				88D5A52A205EA89600D4EE4B /* PracticeDesignTests */,
				88D5A535205EA89600D4EE4B /* PracticeDesignUITests */,
			);
		};
/* End PBXProject section */

/* Begin PBXResourcesBuildPhase section */
		88D5A515205EA89600D4EE4B /* Resources */ = {
			isa = PBXResourcesBuildPhase;
			buildActionMask = 2147483647;
			files = (
				88D5A54A205EA9AC00D4EE4B /* A.storyboard in Resources */,
				88D5A525205EA89600D4EE4B /* LaunchScreen.storyboard in Resources */,
				88D5A54E205EA9B900D4EE4B /* C.storyboard in Resources */,
				88D5A54C205EA9B500D4EE4B /* B.storyboard in Resources */,
				88D5A55A205EB66000D4EE4B /* AItem.storyboard in Resources */,
				88D5A522205EA89600D4EE4B /* Assets.xcassets in Resources */,
				88D5A55C205EB6C500D4EE4B /* AA.storyboard in Resources */,
				88D5A520205EA89600D4EE4B /* Main.storyboard in Resources */,
				880651A2206CCE750060D293 /* DUpdater.storyboard in Resources */,
				88D5A55E205EB6FA00D4EE4B /* AB.storyboard in Resources */,
				88AB60F22062D7600083536B /* D.storyboard in Resources */,
			);
			runOnlyForDeploymentPostprocessing = 0;
		};
		88D5A529205EA89600D4EE4B /* Resources */ = {
			isa = PBXResourcesBuildPhase;
			buildActionMask = 2147483647;
			files = (
			);
			runOnlyForDeploymentPostprocessing = 0;
		};
		88D5A534205EA89600D4EE4B /* Resources */ = {
			isa = PBXResourcesBuildPhase;
			buildActionMask = 2147483647;
			files = (
			);
			runOnlyForDeploymentPostprocessing = 0;
		};
/* End PBXResourcesBuildPhase section */

/* Begin PBXShellScriptBuildPhase section */
		88524FDB20628A8B00CFEAB2 /* ShellScript */ = {
			isa = PBXShellScriptBuildPhase;
			buildActionMask = 2147483647;
			files = (
			);
			inputPaths = (
				"$(SRCROOT)/Carthage/Build/iOS/Compass.framework",
			);
			outputPaths = (
			);
			runOnlyForDeploymentPostprocessing = 0;
			shellPath = /bin/sh;
			shellScript = "/usr/local/bin/carthage copy-frameworks";
		};
/* End PBXShellScriptBuildPhase section */

/* Begin PBXSourcesBuildPhase section */
		88D5A513205EA89600D4EE4B /* Sources */ = {
			isa = PBXSourcesBuildPhase;
			buildActionMask = 2147483647;
			files = (
				88AB60EB2062D43C0083536B /* DViewController.swift in Sources */,
				88D5A51B205EA89600D4EE4B /* AppDelegate.swift in Sources */,
				8801B10520628DE300443CA3 /* BViewController.swift in Sources */,
				8801B10720628DE900443CA3 /* CViewController.swift in Sources */,
				88AB60F52062F39E0083536B /* Routes.swift in Sources */,
				8801B1092062914500443CA3 /* ABViewController.swift in Sources */,
				880651A4206CD2B80060D293 /* DUpdaterTableViewController.swift in Sources */,
				8801B10120628D9500443CA3 /* AViewController.swift in Sources */,
				88524FDE20628C4700CFEAB2 /* Routes+UIViewController.swift in Sources */,
				8801B10B2062914D00443CA3 /* AAViewController.swift in Sources */,
			);
			runOnlyForDeploymentPostprocessing = 0;
		};
		88D5A527205EA89600D4EE4B /* Sources */ = {
			isa = PBXSourcesBuildPhase;
			buildActionMask = 2147483647;
			files = (
				88D5A530205EA89600D4EE4B /* PracticeDesignTests.swift in Sources */,
			);
			runOnlyForDeploymentPostprocessing = 0;
		};
		88D5A532205EA89600D4EE4B /* Sources */ = {
			isa = PBXSourcesBuildPhase;
			buildActionMask = 2147483647;
			files = (
				88D5A53B205EA89600D4EE4B /* PracticeDesignUITests.swift in Sources */,
			);
			runOnlyForDeploymentPostprocessing = 0;
		};
/* End PBXSourcesBuildPhase section */

/* Begin PBXTargetDependency section */
		88D5A52D205EA89600D4EE4B /* PBXTargetDependency */ = {
			isa = PBXTargetDependency;
			target = 88D5A516205EA89600D4EE4B /* PracticeDesign */;
			targetProxy = 88D5A52C205EA89600D4EE4B /* PBXContainerItemProxy */;
		};
		88D5A538205EA89600D4EE4B /* PBXTargetDependency */ = {
			isa = PBXTargetDependency;
			target = 88D5A516205EA89600D4EE4B /* PracticeDesign */;
			targetProxy = 88D5A537205EA89600D4EE4B /* PBXContainerItemProxy */;
		};
/* End PBXTargetDependency section */

/* Begin PBXVariantGroup section */
		88D5A51E205EA89600D4EE4B /* Main.storyboard */ = {
			isa = PBXVariantGroup;
			children = (
				88D5A51F205EA89600D4EE4B /* Base */,
			);
			name = Main.storyboard;
			sourceTree = "<group>";
		};
		88D5A523205EA89600D4EE4B /* LaunchScreen.storyboard */ = {
			isa = PBXVariantGroup;
			children = (
				88D5A524205EA89600D4EE4B /* Base */,
			);
			name = LaunchScreen.storyboard;
			sourceTree = "<group>";
		};
/* End PBXVariantGroup section */

/* Begin XCBuildConfiguration section */
		88D5A53D205EA89600D4EE4B /* Debug */ = {
			isa = XCBuildConfiguration;
			buildSettings = {
				ALWAYS_SEARCH_USER_PATHS = NO;
				CLANG_ANALYZER_NONNULL = YES;
				CLANG_ANALYZER_NUMBER_OBJECT_CONVERSION = YES_AGGRESSIVE;
				CLANG_CXX_LANGUAGE_STANDARD = "gnu++14";
				CLANG_CXX_LIBRARY = "libc++";
				CLANG_ENABLE_MODULES = YES;
				CLANG_ENABLE_OBJC_ARC = YES;
				CLANG_WARN_BLOCK_CAPTURE_AUTORELEASING = YES;
				CLANG_WARN_BOOL_CONVERSION = YES;
				CLANG_WARN_COMMA = YES;
				CLANG_WARN_CONSTANT_CONVERSION = YES;
				CLANG_WARN_DIRECT_OBJC_ISA_USAGE = YES_ERROR;
				CLANG_WARN_DOCUMENTATION_COMMENTS = YES;
				CLANG_WARN_EMPTY_BODY = YES;
				CLANG_WARN_ENUM_CONVERSION = YES;
				CLANG_WARN_INFINITE_RECURSION = YES;
				CLANG_WARN_INT_CONVERSION = YES;
				CLANG_WARN_NON_LITERAL_NULL_CONVERSION = YES;
				CLANG_WARN_OBJC_LITERAL_CONVERSION = YES;
				CLANG_WARN_OBJC_ROOT_CLASS = YES_ERROR;
				CLANG_WARN_RANGE_LOOP_ANALYSIS = YES;
				CLANG_WARN_STRICT_PROTOTYPES = YES;
				CLANG_WARN_SUSPICIOUS_MOVE = YES;
				CLANG_WARN_UNGUARDED_AVAILABILITY = YES_AGGRESSIVE;
				CLANG_WARN_UNREACHABLE_CODE = YES;
				CLANG_WARN__DUPLICATE_METHOD_MATCH = YES;
				CODE_SIGN_IDENTITY = "iPhone Developer";
				COPY_PHASE_STRIP = NO;
				DEBUG_INFORMATION_FORMAT = dwarf;
				ENABLE_STRICT_OBJC_MSGSEND = YES;
				ENABLE_TESTABILITY = YES;
				GCC_C_LANGUAGE_STANDARD = gnu11;
				GCC_DYNAMIC_NO_PIC = NO;
				GCC_NO_COMMON_BLOCKS = YES;
				GCC_OPTIMIZATION_LEVEL = 0;
				GCC_PREPROCESSOR_DEFINITIONS = (
					"DEBUG=1",
					"$(inherited)",
				);
				GCC_WARN_64_TO_32_BIT_CONVERSION = YES;
				GCC_WARN_ABOUT_RETURN_TYPE = YES_ERROR;
				GCC_WARN_UNDECLARED_SELECTOR = YES;
				GCC_WARN_UNINITIALIZED_AUTOS = YES_AGGRESSIVE;
				GCC_WARN_UNUSED_FUNCTION = YES;
				GCC_WARN_UNUSED_VARIABLE = YES;
				IPHONEOS_DEPLOYMENT_TARGET = 11.2;
				MTL_ENABLE_DEBUG_INFO = YES;
				ONLY_ACTIVE_ARCH = YES;
				SDKROOT = iphoneos;
				SWIFT_ACTIVE_COMPILATION_CONDITIONS = DEBUG;
				SWIFT_OPTIMIZATION_LEVEL = "-Onone";
			};
			name = Debug;
		};
		88D5A53E205EA89600D4EE4B /* Release */ = {
			isa = XCBuildConfiguration;
			buildSettings = {
				ALWAYS_SEARCH_USER_PATHS = NO;
				CLANG_ANALYZER_NONNULL = YES;
				CLANG_ANALYZER_NUMBER_OBJECT_CONVERSION = YES_AGGRESSIVE;
				CLANG_CXX_LANGUAGE_STANDARD = "gnu++14";
				CLANG_CXX_LIBRARY = "libc++";
				CLANG_ENABLE_MODULES = YES;
				CLANG_ENABLE_OBJC_ARC = YES;
				CLANG_WARN_BLOCK_CAPTURE_AUTORELEASING = YES;
				CLANG_WARN_BOOL_CONVERSION = YES;
				CLANG_WARN_COMMA = YES;
				CLANG_WARN_CONSTANT_CONVERSION = YES;
				CLANG_WARN_DIRECT_OBJC_ISA_USAGE = YES_ERROR;
				CLANG_WARN_DOCUMENTATION_COMMENTS = YES;
				CLANG_WARN_EMPTY_BODY = YES;
				CLANG_WARN_ENUM_CONVERSION = YES;
				CLANG_WARN_INFINITE_RECURSION = YES;
				CLANG_WARN_INT_CONVERSION = YES;
				CLANG_WARN_NON_LITERAL_NULL_CONVERSION = YES;
				CLANG_WARN_OBJC_LITERAL_CONVERSION = YES;
				CLANG_WARN_OBJC_ROOT_CLASS = YES_ERROR;
				CLANG_WARN_RANGE_LOOP_ANALYSIS = YES;
				CLANG_WARN_STRICT_PROTOTYPES = YES;
				CLANG_WARN_SUSPICIOUS_MOVE = YES;
				CLANG_WARN_UNGUARDED_AVAILABILITY = YES_AGGRESSIVE;
				CLANG_WARN_UNREACHABLE_CODE = YES;
				CLANG_WARN__DUPLICATE_METHOD_MATCH = YES;
				CODE_SIGN_IDENTITY = "iPhone Developer";
				COPY_PHASE_STRIP = NO;
				DEBUG_INFORMATION_FORMAT = "dwarf-with-dsym";
				ENABLE_NS_ASSERTIONS = NO;
				ENABLE_STRICT_OBJC_MSGSEND = YES;
				GCC_C_LANGUAGE_STANDARD = gnu11;
				GCC_NO_COMMON_BLOCKS = YES;
				GCC_WARN_64_TO_32_BIT_CONVERSION = YES;
				GCC_WARN_ABOUT_RETURN_TYPE = YES_ERROR;
				GCC_WARN_UNDECLARED_SELECTOR = YES;
				GCC_WARN_UNINITIALIZED_AUTOS = YES_AGGRESSIVE;
				GCC_WARN_UNUSED_FUNCTION = YES;
				GCC_WARN_UNUSED_VARIABLE = YES;
				IPHONEOS_DEPLOYMENT_TARGET = 11.2;
				MTL_ENABLE_DEBUG_INFO = NO;
				SDKROOT = iphoneos;
				SWIFT_OPTIMIZATION_LEVEL = "-Owholemodule";
				VALIDATE_PRODUCT = YES;
			};
			name = Release;
		};
		88D5A540205EA89600D4EE4B /* Debug */ = {
			isa = XCBuildConfiguration;
			buildSettings = {
				ASSETCATALOG_COMPILER_APPICON_NAME = AppIcon;
				CODE_SIGN_STYLE = Automatic;
				DEVELOPMENT_TEAM = B9QFL4ZF2R;
				FRAMEWORK_SEARCH_PATHS = (
					"$(inherited)",
					"$(PROJECT_DIR)/Carthage/Build/iOS",
				);
				INFOPLIST_FILE = PracticeDesign/Info.plist;
				LD_RUNPATH_SEARCH_PATHS = "$(inherited) @executable_path/Frameworks";
				PRODUCT_BUNDLE_IDENTIFIER = it.ikeikeikeike.PracticeDesign;
				PRODUCT_NAME = "$(TARGET_NAME)";
				SWIFT_VERSION = 4.0;
				TARGETED_DEVICE_FAMILY = "1,2";
			};
			name = Debug;
		};
		88D5A541205EA89600D4EE4B /* Release */ = {
			isa = XCBuildConfiguration;
			buildSettings = {
				ASSETCATALOG_COMPILER_APPICON_NAME = AppIcon;
				CODE_SIGN_STYLE = Automatic;
				DEVELOPMENT_TEAM = B9QFL4ZF2R;
				FRAMEWORK_SEARCH_PATHS = (
					"$(inherited)",
					"$(PROJECT_DIR)/Carthage/Build/iOS",
				);
				INFOPLIST_FILE = PracticeDesign/Info.plist;
				LD_RUNPATH_SEARCH_PATHS = "$(inherited) @executable_path/Frameworks";
				PRODUCT_BUNDLE_IDENTIFIER = it.ikeikeikeike.PracticeDesign;
				PRODUCT_NAME = "$(TARGET_NAME)";
				SWIFT_VERSION = 4.0;
				TARGETED_DEVICE_FAMILY = "1,2";
			};
			name = Release;
		};
		88D5A543205EA89600D4EE4B /* Debug */ = {
			isa = XCBuildConfiguration;
			buildSettings = {
				ALWAYS_EMBED_SWIFT_STANDARD_LIBRARIES = YES;
				BUNDLE_LOADER = "$(TEST_HOST)";
				CODE_SIGN_STYLE = Automatic;
				DEVELOPMENT_TEAM = B9QFL4ZF2R;
				INFOPLIST_FILE = PracticeDesignTests/Info.plist;
				LD_RUNPATH_SEARCH_PATHS = "$(inherited) @executable_path/Frameworks @loader_path/Frameworks";
				PRODUCT_BUNDLE_IDENTIFIER = it.ikeikeikeike.PracticeDesignTests;
				PRODUCT_NAME = "$(TARGET_NAME)";
				SWIFT_VERSION = 4.0;
				TARGETED_DEVICE_FAMILY = "1,2";
				TEST_HOST = "$(BUILT_PRODUCTS_DIR)/PracticeDesign.app/PracticeDesign";
			};
			name = Debug;
		};
		88D5A544205EA89600D4EE4B /* Release */ = {
			isa = XCBuildConfiguration;
			buildSettings = {
				ALWAYS_EMBED_SWIFT_STANDARD_LIBRARIES = YES;
				BUNDLE_LOADER = "$(TEST_HOST)";
				CODE_SIGN_STYLE = Automatic;
				DEVELOPMENT_TEAM = B9QFL4ZF2R;
				INFOPLIST_FILE = PracticeDesignTests/Info.plist;
				LD_RUNPATH_SEARCH_PATHS = "$(inherited) @executable_path/Frameworks @loader_path/Frameworks";
				PRODUCT_BUNDLE_IDENTIFIER = it.ikeikeikeike.PracticeDesignTests;
				PRODUCT_NAME = "$(TARGET_NAME)";
				SWIFT_VERSION = 4.0;
				TARGETED_DEVICE_FAMILY = "1,2";
				TEST_HOST = "$(BUILT_PRODUCTS_DIR)/PracticeDesign.app/PracticeDesign";
			};
			name = Release;
		};
		88D5A546205EA89600D4EE4B /* Debug */ = {
			isa = XCBuildConfiguration;
			buildSettings = {
				ALWAYS_EMBED_SWIFT_STANDARD_LIBRARIES = YES;
				CODE_SIGN_STYLE = Automatic;
				DEVELOPMENT_TEAM = B9QFL4ZF2R;
				INFOPLIST_FILE = PracticeDesignUITests/Info.plist;
				LD_RUNPATH_SEARCH_PATHS = "$(inherited) @executable_path/Frameworks @loader_path/Frameworks";
				PRODUCT_BUNDLE_IDENTIFIER = it.ikeikeikeike.PracticeDesignUITests;
				PRODUCT_NAME = "$(TARGET_NAME)";
				SWIFT_VERSION = 4.0;
				TARGETED_DEVICE_FAMILY = "1,2";
				TEST_TARGET_NAME = PracticeDesign;
			};
			name = Debug;
		};
		88D5A547205EA89600D4EE4B /* Release */ = {
			isa = XCBuildConfiguration;
			buildSettings = {
				ALWAYS_EMBED_SWIFT_STANDARD_LIBRARIES = YES;
				CODE_SIGN_STYLE = Automatic;
				DEVELOPMENT_TEAM = B9QFL4ZF2R;
				INFOPLIST_FILE = PracticeDesignUITests/Info.plist;
				LD_RUNPATH_SEARCH_PATHS = "$(inherited) @executable_path/Frameworks @loader_path/Frameworks";
				PRODUCT_BUNDLE_IDENTIFIER = it.ikeikeikeike.PracticeDesignUITests;
				PRODUCT_NAME = "$(TARGET_NAME)";
				SWIFT_VERSION = 4.0;
				TARGETED_DEVICE_FAMILY = "1,2";
				TEST_TARGET_NAME = PracticeDesign;
			};
			name = Release;
		};
/* End XCBuildConfiguration section */

/* Begin XCConfigurationList section */
		88D5A512205EA89600D4EE4B /* Build configuration list for PBXProject "PracticeDesign" */ = {
			isa = XCConfigurationList;
			buildConfigurations = (
				88D5A53D205EA89600D4EE4B /* Debug */,
				88D5A53E205EA89600D4EE4B /* Release */,
			);
			defaultConfigurationIsVisible = 0;
			defaultConfigurationName = Release;
		};
		88D5A53F205EA89600D4EE4B /* Build configuration list for PBXNativeTarget "PracticeDesign" */ = {
			isa = XCConfigurationList;
			buildConfigurations = (
				88D5A540205EA89600D4EE4B /* Debug */,
				88D5A541205EA89600D4EE4B /* Release */,
			);
			defaultConfigurationIsVisible = 0;
			defaultConfigurationName = Release;
		};
		88D5A542205EA89600D4EE4B /* Build configuration list for PBXNativeTarget "PracticeDesignTests" */ = {
			isa = XCConfigurationList;
			buildConfigurations = (
				88D5A543205EA89600D4EE4B /* Debug */,
				88D5A544205EA89600D4EE4B /* Release */,
			);
			defaultConfigurationIsVisible = 0;
			defaultConfigurationName = Release;
		};
		88D5A545205EA89600D4EE4B /* Build configuration list for PBXNativeTarget "PracticeDesignUITests" */ = {
			isa = XCConfigurationList;
			buildConfigurations = (
				88D5A546205EA89600D4EE4B /* Debug */,
				88D5A547205EA89600D4EE4B /* Release */,
			);
			defaultConfigurationIsVisible = 0;
			defaultConfigurationName = Release;
		};
/* End XCConfigurationList section */
	};
	rootObject = 88D5A50F205EA89600D4EE4B /* Project object */;
}
